// !$*UTF8*$!
{
	archiveVersion = 1;
	classes = {
	};
	objectVersion = 50;
	objects = {

/* Begin PBXBuildFile section */
		2A1B5FB7256A4A5D00E3283D /* Meme_OryApp.swift in Sources */ = {isa = PBXBuildFile; fileRef = 2A1B5FB6256A4A5D00E3283D /* Meme_OryApp.swift */; };
		2A1B5FB9256A4A5D00E3283D /* StoryListView.swift in Sources */ = {isa = PBXBuildFile; fileRef = 2A1B5FB8256A4A5D00E3283D /* StoryListView.swift */; };
		2A1B5FBB256A4A5E00E3283D /* Assets.xcassets in Resources */ = {isa = PBXBuildFile; fileRef = 2A1B5FBA256A4A5E00E3283D /* Assets.xcassets */; };
		2A1B5FBE256A4A5E00E3283D /* Preview Assets.xcassets in Resources */ = {isa = PBXBuildFile; fileRef = 2A1B5FBD256A4A5E00E3283D /* Preview Assets.xcassets */; };
		2A1B5FC0256A4A5E00E3283D /* Persistence.swift in Sources */ = {isa = PBXBuildFile; fileRef = 2A1B5FBF256A4A5E00E3283D /* Persistence.swift */; };
		2A1B5FCD256A4AE100E3283D /* Meme_Ory.xcdatamodeld in Sources */ = {isa = PBXBuildFile; fileRef = 2A1B5FCB256A4AE100E3283D /* Meme_Ory.xcdatamodeld */; };
		2A2CE5AA256C3B7300FBFDB6 /* ListOptionView.swift in Sources */ = {isa = PBXBuildFile; fileRef = 2A2CE5A9256C3B7300FBFDB6 /* ListOptionView.swift */; };
		2A33A3DA257139E200538FE3 /* JSONDocument.swift in Sources */ = {isa = PBXBuildFile; fileRef = 2A33A3D9257139E200538FE3 /* JSONDocument.swift */; };
		2A33A3E225714DA500538FE3 /* ImportTextView.swift in Sources */ = {isa = PBXBuildFile; fileRef = 2A33A3E125714DA500538FE3 /* ImportTextView.swift */; };
		2A5005F3257197B4005E969A /* ImportTextViewModel.swift in Sources */ = {isa = PBXBuildFile; fileRef = 2A5005F2257197B4005E969A /* ImportTextViewModel.swift */; };
		2A64D42D257164B900C1817F /* Brief.swift in Sources */ = {isa = PBXBuildFile; fileRef = 2A1164A6257102BF000AD487 /* Brief.swift */; };
		2A6A3112257163CC007F2C0D /* Brief.swift in Sources */ = {isa = PBXBuildFile; fileRef = 2A1164A6257102BF000AD487 /* Brief.swift */; };
		2A85412B256EFED20051906B /* TagEditView.swift in Sources */ = {isa = PBXBuildFile; fileRef = 2A85412A256EFED20051906B /* TagEditView.swift */; };
		2A8E440F256EF1C8002C0DFC /* Provider.swift in Sources */ = {isa = PBXBuildFile; fileRef = 2A8E4409256EF19A002C0DFC /* Provider.swift */; };
		2A8E4418256EF228002C0DFC /* WidgetEntryView.swift in Sources */ = {isa = PBXBuildFile; fileRef = 2A8E4414256EF1FB002C0DFC /* WidgetEntryView.swift */; };
		2A8E4423256EF256002C0DFC /* Entry.swift in Sources */ = {isa = PBXBuildFile; fileRef = 2A8E441D256EF24B002C0DFC /* Entry.swift */; };
		2A935C89256A5144004B6E10 /* StoryListRowView.swift in Sources */ = {isa = PBXBuildFile; fileRef = 2A935C88256A5144004B6E10 /* StoryListRowView.swift */; };
		2A935C8C256A51AC004B6E10 /* Story.swift in Sources */ = {isa = PBXBuildFile; fileRef = 2A935C8B256A51AC004B6E10 /* Story.swift */; };
		2A935C92256A6B0E004B6E10 /* StoryEditorView.swift in Sources */ = {isa = PBXBuildFile; fileRef = 2A935C91256A6B0E004B6E10 /* StoryEditorView.swift */; };
		2A935C9B256A7717004B6E10 /* Tag.swift in Sources */ = {isa = PBXBuildFile; fileRef = 2A935C9A256A7717004B6E10 /* Tag.swift */; };
		2A935C9E256A77BE004B6E10 /* SampleData.swift in Sources */ = {isa = PBXBuildFile; fileRef = 2A935C9D256A77BE004B6E10 /* SampleData.swift */; };
		2A935CA6256A80C9004B6E10 /* Filter.swift in Sources */ = {isa = PBXBuildFile; fileRef = 2A935CA5256A80C9004B6E10 /* Filter.swift */; };
		2A935CA9256A83A0004B6E10 /* TagGridView.swift in Sources */ = {isa = PBXBuildFile; fileRef = 2A935CA8256A83A0004B6E10 /* TagGridView.swift */; };
		2A935CAC256A98C4004B6E10 /* TagView.swift in Sources */ = {isa = PBXBuildFile; fileRef = 2A935CAB256A98C4004B6E10 /* TagView.swift */; };
		2A935CB2256AE742004B6E10 /* Haptics.swift in Sources */ = {isa = PBXBuildFile; fileRef = 2A935CB1256AE742004B6E10 /* Haptics.swift */; };
		2A935CB5256AE8C0004B6E10 /* TagGridWrapperView.swift in Sources */ = {isa = PBXBuildFile; fileRef = 2A935CB4256AE8C0004B6E10 /* TagGridWrapperView.swift */; };
		2AA8916B256B9E7E0042395A /* Context.swift in Sources */ = {isa = PBXBuildFile; fileRef = 2AA8916A256B9E7E0042395A /* Context.swift */; };
		2AA89175256BE8080042395A /* SearchModifier.swift in Sources */ = {isa = PBXBuildFile; fileRef = 2AA89174256BE8080042395A /* SearchModifier.swift */; };
		2AB0317A256CD35700BEC832 /* StoryTagView.swift in Sources */ = {isa = PBXBuildFile; fileRef = 2AB03179256CD35700BEC832 /* StoryTagView.swift */; };
		2ADAD3B3256DA23A00AF463B /* WidgetKit.framework in Frameworks */ = {isa = PBXBuildFile; fileRef = 2ADAD3B2256DA23A00AF463B /* WidgetKit.framework */; };
		2ADAD3B5256DA23A00AF463B /* SwiftUI.framework in Frameworks */ = {isa = PBXBuildFile; fileRef = 2ADAD3B4256DA23A00AF463B /* SwiftUI.framework */; };
		2ADAD3B8256DA23A00AF463B /* Meme_OryWidget.swift in Sources */ = {isa = PBXBuildFile; fileRef = 2ADAD3B7256DA23A00AF463B /* Meme_OryWidget.swift */; };
		2ADAD3BA256DA23B00AF463B /* Assets.xcassets in Resources */ = {isa = PBXBuildFile; fileRef = 2ADAD3B9256DA23B00AF463B /* Assets.xcassets */; };
		2ADAD3BE256DA23B00AF463B /* Meme-OryWidgetExtension.appex in Embed App Extensions */ = {isa = PBXBuildFile; fileRef = 2ADAD3B0256DA23A00AF463B /* Meme-OryWidgetExtension.appex */; settings = {ATTRIBUTES = (RemoveHeadersOnCopy, ); }; };
		2ADAD3C5256DA5CB00AF463B /* Persistence.swift in Sources */ = {isa = PBXBuildFile; fileRef = 2A1B5FBF256A4A5E00E3283D /* Persistence.swift */; };
		2ADAD3C8256DA5D300AF463B /* Context.swift in Sources */ = {isa = PBXBuildFile; fileRef = 2AA8916A256B9E7E0042395A /* Context.swift */; };
		2ADAD3CB256DA5E000AF463B /* Meme_Ory.xcdatamodeld in Sources */ = {isa = PBXBuildFile; fileRef = 2A1B5FCB256A4AE100E3283D /* Meme_Ory.xcdatamodeld */; };
		2ADAD3CE256DA5E300AF463B /* Story.swift in Sources */ = {isa = PBXBuildFile; fileRef = 2A935C8B256A51AC004B6E10 /* Story.swift */; };
		2ADAD3D1256DA5E700AF463B /* Tag.swift in Sources */ = {isa = PBXBuildFile; fileRef = 2A935C9A256A7717004B6E10 /* Tag.swift */; };
		2ADAD3DB256DA62800AF463B /* Filter.swift in Sources */ = {isa = PBXBuildFile; fileRef = 2A935CA5256A80C9004B6E10 /* Filter.swift */; };
		2ADAD3DE256DA67500AF463B /* SampleData.swift in Sources */ = {isa = PBXBuildFile; fileRef = 2A935C9D256A77BE004B6E10 /* SampleData.swift */; };
		2ADAD3F6256E4B5F00AF463B /* URL+Extension.swift in Sources */ = {isa = PBXBuildFile; fileRef = 2ADAD3F5256E4B5F00AF463B /* URL+Extension.swift */; };
		2ADAD409256E4FE800AF463B /* URL+Extension.swift in Sources */ = {isa = PBXBuildFile; fileRef = 2ADAD3F5256E4B5F00AF463B /* URL+Extension.swift */; };
		2AEEF8FE25700061008D1B31 /* Ext+Calendar.Component.swift in Sources */ = {isa = PBXBuildFile; fileRef = 2AEEF8FD25700061008D1B31 /* Ext+Calendar.Component.swift */; };
		2AEEF9022570007F008D1B31 /* Ext+EKEventStore.swift in Sources */ = {isa = PBXBuildFile; fileRef = 2AEEF9012570007F008D1B31 /* Ext+EKEventStore.swift */; };
		2AEEF90625702EBF008D1B31 /* EventStore.swift in Sources */ = {isa = PBXBuildFile; fileRef = 2AEEF90525702EBF008D1B31 /* EventStore.swift */; };
		2AFE9E3F257246270037E8CF /* ErrorSheet.swift in Sources */ = {isa = PBXBuildFile; fileRef = 2AFE9E3E257246270037E8CF /* ErrorSheet.swift */; };
		2AFE9E46257285D80037E8CF /* Deeplinker.swift in Sources */ = {isa = PBXBuildFile; fileRef = 2AFE9E45257285D80037E8CF /* Deeplinker.swift */; };
		2AFE9E4A2572D5FE0037E8CF /* StoryToShow.swift in Sources */ = {isa = PBXBuildFile; fileRef = 2AFE9E492572D5FE0037E8CF /* StoryToShow.swift */; };
		2AFE9E522572F66A0037E8CF /* StoryEditorViewModel.swift in Sources */ = {isa = PBXBuildFile; fileRef = 2AFE9E512572F66A0037E8CF /* StoryEditorViewModel.swift */; };
/* End PBXBuildFile section */

/* Begin PBXContainerItemProxy section */
		2ADAD3BC256DA23B00AF463B /* PBXContainerItemProxy */ = {
			isa = PBXContainerItemProxy;
			containerPortal = 2A1B5FAB256A4A5D00E3283D /* Project object */;
			proxyType = 1;
			remoteGlobalIDString = 2ADAD3AF256DA23A00AF463B;
			remoteInfo = "Meme-OryWidgetExtension";
		};
/* End PBXContainerItemProxy section */

/* Begin PBXCopyFilesBuildPhase section */
		2ADAD3C2256DA23B00AF463B /* Embed App Extensions */ = {
			isa = PBXCopyFilesBuildPhase;
			buildActionMask = 2147483647;
			dstPath = "";
			dstSubfolderSpec = 13;
			files = (
				2ADAD3BE256DA23B00AF463B /* Meme-OryWidgetExtension.appex in Embed App Extensions */,
			);
			name = "Embed App Extensions";
			runOnlyForDeploymentPostprocessing = 0;
		};
/* End PBXCopyFilesBuildPhase section */

/* Begin PBXFileReference section */
		2A1164A6257102BF000AD487 /* Brief.swift */ = {isa = PBXFileReference; lastKnownFileType = sourcecode.swift; path = Brief.swift; sourceTree = "<group>"; };
		2A1B5FB3256A4A5D00E3283D /* Meme-Ory.app */ = {isa = PBXFileReference; explicitFileType = wrapper.application; includeInIndex = 0; path = "Meme-Ory.app"; sourceTree = BUILT_PRODUCTS_DIR; };
		2A1B5FB6256A4A5D00E3283D /* Meme_OryApp.swift */ = {isa = PBXFileReference; lastKnownFileType = sourcecode.swift; path = Meme_OryApp.swift; sourceTree = "<group>"; };
		2A1B5FB8256A4A5D00E3283D /* StoryListView.swift */ = {isa = PBXFileReference; lastKnownFileType = sourcecode.swift; path = StoryListView.swift; sourceTree = "<group>"; };
		2A1B5FBA256A4A5E00E3283D /* Assets.xcassets */ = {isa = PBXFileReference; lastKnownFileType = folder.assetcatalog; path = Assets.xcassets; sourceTree = "<group>"; };
		2A1B5FBD256A4A5E00E3283D /* Preview Assets.xcassets */ = {isa = PBXFileReference; lastKnownFileType = folder.assetcatalog; path = "Preview Assets.xcassets"; sourceTree = "<group>"; };
		2A1B5FBF256A4A5E00E3283D /* Persistence.swift */ = {isa = PBXFileReference; lastKnownFileType = sourcecode.swift; path = Persistence.swift; sourceTree = "<group>"; };
		2A1B5FC4256A4A5E00E3283D /* Info.plist */ = {isa = PBXFileReference; lastKnownFileType = text.plist.xml; path = Info.plist; sourceTree = "<group>"; };
		2A1B5FCC256A4AE100E3283D /* Meme_Ory.xcdatamodel */ = {isa = PBXFileReference; lastKnownFileType = wrapper.xcdatamodel; path = Meme_Ory.xcdatamodel; sourceTree = "<group>"; };
		2A2CE5A4256C00E400FBFDB6 /* StoryText.playground */ = {isa = PBXFileReference; lastKnownFileType = file.playground; path = StoryText.playground; sourceTree = "<group>"; xcLanguageSpecificationIdentifier = xcode.lang.swift; };
		2A2CE5A9256C3B7300FBFDB6 /* ListOptionView.swift */ = {isa = PBXFileReference; lastKnownFileType = sourcecode.swift; path = ListOptionView.swift; sourceTree = "<group>"; };
		2A33A3D9257139E200538FE3 /* JSONDocument.swift */ = {isa = PBXFileReference; lastKnownFileType = sourcecode.swift; path = JSONDocument.swift; sourceTree = "<group>"; };
		2A33A3E125714DA500538FE3 /* ImportTextView.swift */ = {isa = PBXFileReference; lastKnownFileType = sourcecode.swift; path = ImportTextView.swift; sourceTree = "<group>"; };
		2A5005F2257197B4005E969A /* ImportTextViewModel.swift */ = {isa = PBXFileReference; lastKnownFileType = sourcecode.swift; path = ImportTextViewModel.swift; sourceTree = "<group>"; };
		2A85412A256EFED20051906B /* TagEditView.swift */ = {isa = PBXFileReference; lastKnownFileType = sourcecode.swift; path = TagEditView.swift; sourceTree = "<group>"; };
		2A8E4409256EF19A002C0DFC /* Provider.swift */ = {isa = PBXFileReference; lastKnownFileType = sourcecode.swift; path = Provider.swift; sourceTree = "<group>"; };
		2A8E4414256EF1FB002C0DFC /* WidgetEntryView.swift */ = {isa = PBXFileReference; lastKnownFileType = sourcecode.swift; path = WidgetEntryView.swift; sourceTree = "<group>"; };
		2A8E441D256EF24B002C0DFC /* Entry.swift */ = {isa = PBXFileReference; lastKnownFileType = sourcecode.swift; path = Entry.swift; sourceTree = "<group>"; };
		2A935C88256A5144004B6E10 /* StoryListRowView.swift */ = {isa = PBXFileReference; lastKnownFileType = sourcecode.swift; path = StoryListRowView.swift; sourceTree = "<group>"; };
		2A935C8B256A51AC004B6E10 /* Story.swift */ = {isa = PBXFileReference; lastKnownFileType = sourcecode.swift; path = Story.swift; sourceTree = "<group>"; };
		2A935C91256A6B0E004B6E10 /* StoryEditorView.swift */ = {isa = PBXFileReference; lastKnownFileType = sourcecode.swift; path = StoryEditorView.swift; sourceTree = "<group>"; };
		2A935C9A256A7717004B6E10 /* Tag.swift */ = {isa = PBXFileReference; lastKnownFileType = sourcecode.swift; path = Tag.swift; sourceTree = "<group>"; };
		2A935C9D256A77BE004B6E10 /* SampleData.swift */ = {isa = PBXFileReference; lastKnownFileType = sourcecode.swift; path = SampleData.swift; sourceTree = "<group>"; };
		2A935CA5256A80C9004B6E10 /* Filter.swift */ = {isa = PBXFileReference; lastKnownFileType = sourcecode.swift; path = Filter.swift; sourceTree = "<group>"; };
		2A935CA8256A83A0004B6E10 /* TagGridView.swift */ = {isa = PBXFileReference; lastKnownFileType = sourcecode.swift; path = TagGridView.swift; sourceTree = "<group>"; };
		2A935CAB256A98C4004B6E10 /* TagView.swift */ = {isa = PBXFileReference; lastKnownFileType = sourcecode.swift; path = TagView.swift; sourceTree = "<group>"; };
		2A935CB1256AE742004B6E10 /* Haptics.swift */ = {isa = PBXFileReference; lastKnownFileType = sourcecode.swift; path = Haptics.swift; sourceTree = "<group>"; };
		2A935CB4256AE8C0004B6E10 /* TagGridWrapperView.swift */ = {isa = PBXFileReference; lastKnownFileType = sourcecode.swift; path = TagGridWrapperView.swift; sourceTree = "<group>"; };
		2AA8916A256B9E7E0042395A /* Context.swift */ = {isa = PBXFileReference; lastKnownFileType = sourcecode.swift; path = Context.swift; sourceTree = "<group>"; };
		2AA89174256BE8080042395A /* SearchModifier.swift */ = {isa = PBXFileReference; lastKnownFileType = sourcecode.swift; path = SearchModifier.swift; sourceTree = "<group>"; };
		2AB03179256CD35700BEC832 /* StoryTagView.swift */ = {isa = PBXFileReference; lastKnownFileType = sourcecode.swift; path = StoryTagView.swift; sourceTree = "<group>"; };
		2ADAD3B0256DA23A00AF463B /* Meme-OryWidgetExtension.appex */ = {isa = PBXFileReference; explicitFileType = "wrapper.app-extension"; includeInIndex = 0; path = "Meme-OryWidgetExtension.appex"; sourceTree = BUILT_PRODUCTS_DIR; };
		2ADAD3B2256DA23A00AF463B /* WidgetKit.framework */ = {isa = PBXFileReference; lastKnownFileType = wrapper.framework; name = WidgetKit.framework; path = System/Library/Frameworks/WidgetKit.framework; sourceTree = SDKROOT; };
		2ADAD3B4256DA23A00AF463B /* SwiftUI.framework */ = {isa = PBXFileReference; lastKnownFileType = wrapper.framework; name = SwiftUI.framework; path = System/Library/Frameworks/SwiftUI.framework; sourceTree = SDKROOT; };
		2ADAD3B7256DA23A00AF463B /* Meme_OryWidget.swift */ = {isa = PBXFileReference; lastKnownFileType = sourcecode.swift; path = Meme_OryWidget.swift; sourceTree = "<group>"; };
		2ADAD3B9256DA23B00AF463B /* Assets.xcassets */ = {isa = PBXFileReference; lastKnownFileType = folder.assetcatalog; path = Assets.xcassets; sourceTree = "<group>"; };
		2ADAD3BB256DA23B00AF463B /* Info.plist */ = {isa = PBXFileReference; lastKnownFileType = text.plist.xml; path = Info.plist; sourceTree = "<group>"; };
		2ADAD3E3256DB9A000AF463B /* Meme-OryWidgetExtension.entitlements */ = {isa = PBXFileReference; lastKnownFileType = text.plist.entitlements; path = "Meme-OryWidgetExtension.entitlements"; sourceTree = "<group>"; };
		2ADAD3E6256DB9B600AF463B /* Meme-Ory.entitlements */ = {isa = PBXFileReference; lastKnownFileType = text.plist.entitlements; path = "Meme-Ory.entitlements"; sourceTree = "<group>"; };
		2ADAD3F5256E4B5F00AF463B /* URL+Extension.swift */ = {isa = PBXFileReference; lastKnownFileType = sourcecode.swift; path = "URL+Extension.swift"; sourceTree = "<group>"; };
		2AEEF8FD25700061008D1B31 /* Ext+Calendar.Component.swift */ = {isa = PBXFileReference; lastKnownFileType = sourcecode.swift; path = "Ext+Calendar.Component.swift"; sourceTree = "<group>"; };
		2AEEF9012570007F008D1B31 /* Ext+EKEventStore.swift */ = {isa = PBXFileReference; lastKnownFileType = sourcecode.swift; path = "Ext+EKEventStore.swift"; sourceTree = "<group>"; };
		2AEEF90525702EBF008D1B31 /* EventStore.swift */ = {isa = PBXFileReference; lastKnownFileType = sourcecode.swift; path = EventStore.swift; sourceTree = "<group>"; };
		2AFE9E3E257246270037E8CF /* ErrorSheet.swift */ = {isa = PBXFileReference; lastKnownFileType = sourcecode.swift; path = ErrorSheet.swift; sourceTree = "<group>"; };
		2AFE9E45257285D80037E8CF /* Deeplinker.swift */ = {isa = PBXFileReference; lastKnownFileType = sourcecode.swift; path = Deeplinker.swift; sourceTree = "<group>"; };
		2AFE9E492572D5FE0037E8CF /* StoryToShow.swift */ = {isa = PBXFileReference; lastKnownFileType = sourcecode.swift; path = StoryToShow.swift; sourceTree = "<group>"; };
		2AFE9E512572F66A0037E8CF /* StoryEditorViewModel.swift */ = {isa = PBXFileReference; lastKnownFileType = sourcecode.swift; path = StoryEditorViewModel.swift; sourceTree = "<group>"; };
/* End PBXFileReference section */

/* Begin PBXFrameworksBuildPhase section */
		2A1B5FB0256A4A5D00E3283D /* Frameworks */ = {
			isa = PBXFrameworksBuildPhase;
			buildActionMask = 2147483647;
			files = (
			);
			runOnlyForDeploymentPostprocessing = 0;
		};
		2ADAD3AD256DA23A00AF463B /* Frameworks */ = {
			isa = PBXFrameworksBuildPhase;
			buildActionMask = 2147483647;
			files = (
				2ADAD3B5256DA23A00AF463B /* SwiftUI.framework in Frameworks */,
				2ADAD3B3256DA23A00AF463B /* WidgetKit.framework in Frameworks */,
			);
			runOnlyForDeploymentPostprocessing = 0;
		};
/* End PBXFrameworksBuildPhase section */

/* Begin PBXGroup section */
		2A1B5FAA256A4A5D00E3283D = {
			isa = PBXGroup;
			children = (
				2ADAD3E3256DB9A000AF463B /* Meme-OryWidgetExtension.entitlements */,
				2A1B5FB5256A4A5D00E3283D /* Meme-Ory */,
				2A2CE5A3256C00E400FBFDB6 /* Playgrounds */,
				2ADAD3B6256DA23A00AF463B /* Meme-OryWidget */,
				2ADAD3B1256DA23A00AF463B /* Frameworks */,
				2A1B5FB4256A4A5D00E3283D /* Products */,
			);
			sourceTree = "<group>";
		};
		2A1B5FB4256A4A5D00E3283D /* Products */ = {
			isa = PBXGroup;
			children = (
				2A1B5FB3256A4A5D00E3283D /* Meme-Ory.app */,
				2ADAD3B0256DA23A00AF463B /* Meme-OryWidgetExtension.appex */,
			);
			name = Products;
			sourceTree = "<group>";
		};
		2A1B5FB5256A4A5D00E3283D /* Meme-Ory */ = {
			isa = PBXGroup;
			children = (
				2ADAD3E6256DB9B600AF463B /* Meme-Ory.entitlements */,
				2A1B5FB6256A4A5D00E3283D /* Meme_OryApp.swift */,
				2A935CC0256AF608004B6E10 /* Story Views */,
				2A935CBD256AF5EE004B6E10 /* Search and List Options */,
				2A935CC2256AF61C004B6E10 /* Tag Views */,
				2A5005ED2571965A005E969A /* Import File */,
				2A935CC4256AF648004B6E10 /* Extras */,
				2ADAD3F9256E4B6500AF463B /* Extensions */,
				2A1B5FBA256A4A5E00E3283D /* Assets.xcassets */,
				2A935CBB256AF5CD004B6E10 /* Model */,
				2A1B5FD0256A4B1800E3283D /* Core Data Stack */,
				2A1B5FCF256A4AF200E3283D /* Core Data Model */,
				2A1B5FC4256A4A5E00E3283D /* Info.plist */,
				2A935CA0256A77D6004B6E10 /* Data */,
				2A1B5FBC256A4A5E00E3283D /* Preview Content */,
			);
			path = "Meme-Ory";
			sourceTree = "<group>";
		};
		2A1B5FBC256A4A5E00E3283D /* Preview Content */ = {
			isa = PBXGroup;
			children = (
				2A1B5FBD256A4A5E00E3283D /* Preview Assets.xcassets */,
			);
			path = "Preview Content";
			sourceTree = "<group>";
		};
		2A1B5FCF256A4AF200E3283D /* Core Data Model */ = {
			isa = PBXGroup;
			children = (
				2A1B5FCB256A4AE100E3283D /* Meme_Ory.xcdatamodeld */,
				2A935C8B256A51AC004B6E10 /* Story.swift */,
				2A935C9A256A7717004B6E10 /* Tag.swift */,
			);
			path = "Core Data Model";
			sourceTree = "<group>";
		};
		2A1B5FD0256A4B1800E3283D /* Core Data Stack */ = {
			isa = PBXGroup;
			children = (
				2A1B5FBF256A4A5E00E3283D /* Persistence.swift */,
				2AA8916A256B9E7E0042395A /* Context.swift */,
			);
			path = "Core Data Stack";
			sourceTree = "<group>";
		};
		2A2CE5A3256C00E400FBFDB6 /* Playgrounds */ = {
			isa = PBXGroup;
			children = (
				2A2CE5A4256C00E400FBFDB6 /* StoryText.playground */,
			);
			path = Playgrounds;
			sourceTree = "<group>";
		};
		2A5005ED2571965A005E969A /* Import File */ = {
			isa = PBXGroup;
			children = (
				2A33A3E125714DA500538FE3 /* ImportTextView.swift */,
				2A5005F2257197B4005E969A /* ImportTextViewModel.swift */,
				2AFE9E3E257246270037E8CF /* ErrorSheet.swift */,
			);
			path = "Import File";
			sourceTree = "<group>";
		};
		2A935CA0256A77D6004B6E10 /* Data */ = {
			isa = PBXGroup;
			children = (
				2A935C9D256A77BE004B6E10 /* SampleData.swift */,
			);
			path = Data;
			sourceTree = "<group>";
		};
		2A935CBB256AF5CD004B6E10 /* Model */ = {
			isa = PBXGroup;
			children = (
				2A1164A6257102BF000AD487 /* Brief.swift */,
				2AFE9E45257285D80037E8CF /* Deeplinker.swift */,
				2AEEF90525702EBF008D1B31 /* EventStore.swift */,
				2A935CA5256A80C9004B6E10 /* Filter.swift */,
				2A33A3D9257139E200538FE3 /* JSONDocument.swift */,
				2AFE9E512572F66A0037E8CF /* StoryEditorViewModel.swift */,
				2AFE9E492572D5FE0037E8CF /* StoryToShow.swift */,
			);
			path = Model;
			sourceTree = "<group>";
		};
		2A935CBD256AF5EE004B6E10 /* Search and List Options */ = {
			isa = PBXGroup;
			children = (
				2AA89174256BE8080042395A /* SearchModifier.swift */,
				2A2CE5A9256C3B7300FBFDB6 /* ListOptionView.swift */,
			);
			path = "Search and List Options";
			sourceTree = "<group>";
		};
		2A935CC0256AF608004B6E10 /* Story Views */ = {
			isa = PBXGroup;
			children = (
				2A1B5FB8256A4A5D00E3283D /* StoryListView.swift */,
				2A935C88256A5144004B6E10 /* StoryListRowView.swift */,
				2A935C91256A6B0E004B6E10 /* StoryEditorView.swift */,
				2AB03179256CD35700BEC832 /* StoryTagView.swift */,
			);
			path = "Story Views";
			sourceTree = "<group>";
		};
		2A935CC2256AF61C004B6E10 /* Tag Views */ = {
			isa = PBXGroup;
			children = (
				2A935CB4256AE8C0004B6E10 /* TagGridWrapperView.swift */,
				2A935CA8256A83A0004B6E10 /* TagGridView.swift */,
				2A935CAB256A98C4004B6E10 /* TagView.swift */,
				2A85412A256EFED20051906B /* TagEditView.swift */,
			);
			path = "Tag Views";
			sourceTree = "<group>";
		};
		2A935CC4256AF648004B6E10 /* Extras */ = {
			isa = PBXGroup;
			children = (
				2A935CB1256AE742004B6E10 /* Haptics.swift */,
			);
			path = Extras;
			sourceTree = "<group>";
		};
		2ADAD3B1256DA23A00AF463B /* Frameworks */ = {
			isa = PBXGroup;
			children = (
				2ADAD3B2256DA23A00AF463B /* WidgetKit.framework */,
				2ADAD3B4256DA23A00AF463B /* SwiftUI.framework */,
			);
			name = Frameworks;
			sourceTree = "<group>";
		};
		2ADAD3B6256DA23A00AF463B /* Meme-OryWidget */ = {
			isa = PBXGroup;
			children = (
				2ADAD3B7256DA23A00AF463B /* Meme_OryWidget.swift */,
				2A8E4414256EF1FB002C0DFC /* WidgetEntryView.swift */,
				2A8E4409256EF19A002C0DFC /* Provider.swift */,
				2A8E441D256EF24B002C0DFC /* Entry.swift */,
				2ADAD3B9256DA23B00AF463B /* Assets.xcassets */,
				2ADAD3BB256DA23B00AF463B /* Info.plist */,
			);
			path = "Meme-OryWidget";
			sourceTree = "<group>";
		};
		2ADAD3F9256E4B6500AF463B /* Extensions */ = {
			isa = PBXGroup;
			children = (
				2ADAD3F5256E4B5F00AF463B /* URL+Extension.swift */,
				2AEEF8FD25700061008D1B31 /* Ext+Calendar.Component.swift */,
				2AEEF9012570007F008D1B31 /* Ext+EKEventStore.swift */,
			);
			path = Extensions;
			sourceTree = "<group>";
		};
/* End PBXGroup section */

/* Begin PBXNativeTarget section */
		2A1B5FB2256A4A5D00E3283D /* Meme-Ory */ = {
			isa = PBXNativeTarget;
			buildConfigurationList = 2A1B5FC7256A4A5E00E3283D /* Build configuration list for PBXNativeTarget "Meme-Ory" */;
			buildPhases = (
				2A1B5FAF256A4A5D00E3283D /* Sources */,
				2A1B5FB0256A4A5D00E3283D /* Frameworks */,
				2A1B5FB1256A4A5D00E3283D /* Resources */,
				2ADAD3C2256DA23B00AF463B /* Embed App Extensions */,
			);
			buildRules = (
			);
			dependencies = (
				2ADAD3BD256DA23B00AF463B /* PBXTargetDependency */,
			);
			name = "Meme-Ory";
			productName = "Meme-Ory";
			productReference = 2A1B5FB3256A4A5D00E3283D /* Meme-Ory.app */;
			productType = "com.apple.product-type.application";
		};
		2ADAD3AF256DA23A00AF463B /* Meme-OryWidgetExtension */ = {
			isa = PBXNativeTarget;
			buildConfigurationList = 2ADAD3BF256DA23B00AF463B /* Build configuration list for PBXNativeTarget "Meme-OryWidgetExtension" */;
			buildPhases = (
				2ADAD3AC256DA23A00AF463B /* Sources */,
				2ADAD3AD256DA23A00AF463B /* Frameworks */,
				2ADAD3AE256DA23A00AF463B /* Resources */,
			);
			buildRules = (
			);
			dependencies = (
			);
			name = "Meme-OryWidgetExtension";
			productName = "Meme-OryWidgetExtension";
			productReference = 2ADAD3B0256DA23A00AF463B /* Meme-OryWidgetExtension.appex */;
			productType = "com.apple.product-type.app-extension";
		};
/* End PBXNativeTarget section */

/* Begin PBXProject section */
		2A1B5FAB256A4A5D00E3283D /* Project object */ = {
			isa = PBXProject;
			attributes = {
				LastSwiftUpdateCheck = 1220;
				LastUpgradeCheck = 1220;
				TargetAttributes = {
					2A1B5FB2256A4A5D00E3283D = {
						CreatedOnToolsVersion = 12.2;
					};
					2ADAD3AF256DA23A00AF463B = {
						CreatedOnToolsVersion = 12.2;
					};
				};
			};
			buildConfigurationList = 2A1B5FAE256A4A5D00E3283D /* Build configuration list for PBXProject "Meme-Ory" */;
			compatibilityVersion = "Xcode 9.3";
			developmentRegion = en;
			hasScannedForEncodings = 0;
			knownRegions = (
				en,
				Base,
			);
			mainGroup = 2A1B5FAA256A4A5D00E3283D;
			productRefGroup = 2A1B5FB4256A4A5D00E3283D /* Products */;
			projectDirPath = "";
			projectRoot = "";
			targets = (
				2A1B5FB2256A4A5D00E3283D /* Meme-Ory */,
				2ADAD3AF256DA23A00AF463B /* Meme-OryWidgetExtension */,
			);
		};
/* End PBXProject section */

/* Begin PBXResourcesBuildPhase section */
		2A1B5FB1256A4A5D00E3283D /* Resources */ = {
			isa = PBXResourcesBuildPhase;
			buildActionMask = 2147483647;
			files = (
				2A1B5FBE256A4A5E00E3283D /* Preview Assets.xcassets in Resources */,
				2A1B5FBB256A4A5E00E3283D /* Assets.xcassets in Resources */,
			);
			runOnlyForDeploymentPostprocessing = 0;
		};
		2ADAD3AE256DA23A00AF463B /* Resources */ = {
			isa = PBXResourcesBuildPhase;
			buildActionMask = 2147483647;
			files = (
				2ADAD3BA256DA23B00AF463B /* Assets.xcassets in Resources */,
			);
			runOnlyForDeploymentPostprocessing = 0;
		};
/* End PBXResourcesBuildPhase section */

/* Begin PBXSourcesBuildPhase section */
		2A1B5FAF256A4A5D00E3283D /* Sources */ = {
			isa = PBXSourcesBuildPhase;
			buildActionMask = 2147483647;
			files = (
				2A33A3E225714DA500538FE3 /* ImportTextView.swift in Sources */,
				2AA8916B256B9E7E0042395A /* Context.swift in Sources */,
				2AEEF8FE25700061008D1B31 /* Ext+Calendar.Component.swift in Sources */,
				2AEEF90625702EBF008D1B31 /* EventStore.swift in Sources */,
				2A2CE5AA256C3B7300FBFDB6 /* ListOptionView.swift in Sources */,
				2A1B5FC0256A4A5E00E3283D /* Persistence.swift in Sources */,
				2A935CB5256AE8C0004B6E10 /* TagGridWrapperView.swift in Sources */,
				2A1B5FCD256A4AE100E3283D /* Meme_Ory.xcdatamodeld in Sources */,
				2A935C9B256A7717004B6E10 /* Tag.swift in Sources */,
				2AA89175256BE8080042395A /* SearchModifier.swift in Sources */,
				2A6A3112257163CC007F2C0D /* Brief.swift in Sources */,
				2AFE9E4A2572D5FE0037E8CF /* StoryToShow.swift in Sources */,
				2AEEF9022570007F008D1B31 /* Ext+EKEventStore.swift in Sources */,
				2A85412B256EFED20051906B /* TagEditView.swift in Sources */,
				2A935C92256A6B0E004B6E10 /* StoryEditorView.swift in Sources */,
				2AFE9E3F257246270037E8CF /* ErrorSheet.swift in Sources */,
				2AB0317A256CD35700BEC832 /* StoryTagView.swift in Sources */,
				2A935C89256A5144004B6E10 /* StoryListRowView.swift in Sources */,
				2A5005F3257197B4005E969A /* ImportTextViewModel.swift in Sources */,
				2A1B5FB9256A4A5D00E3283D /* StoryListView.swift in Sources */,
				2AFE9E46257285D80037E8CF /* Deeplinker.swift in Sources */,
				2ADAD3F6256E4B5F00AF463B /* URL+Extension.swift in Sources */,
				2A935CA9256A83A0004B6E10 /* TagGridView.swift in Sources */,
				2A935C9E256A77BE004B6E10 /* SampleData.swift in Sources */,
				2A935CAC256A98C4004B6E10 /* TagView.swift in Sources */,
				2A935CA6256A80C9004B6E10 /* Filter.swift in Sources */,
				2A33A3DA257139E200538FE3 /* JSONDocument.swift in Sources */,
				2A935CB2256AE742004B6E10 /* Haptics.swift in Sources */,
				2A1B5FB7256A4A5D00E3283D /* Meme_OryApp.swift in Sources */,
				2A935C8C256A51AC004B6E10 /* Story.swift in Sources */,
				2AFE9E522572F66A0037E8CF /* StoryEditorViewModel.swift in Sources */,
			);
			runOnlyForDeploymentPostprocessing = 0;
		};
		2ADAD3AC256DA23A00AF463B /* Sources */ = {
			isa = PBXSourcesBuildPhase;
			buildActionMask = 2147483647;
			files = (
				2A8E4423256EF256002C0DFC /* Entry.swift in Sources */,
				2ADAD3DB256DA62800AF463B /* Filter.swift in Sources */,
				2ADAD3D1256DA5E700AF463B /* Tag.swift in Sources */,
				2ADAD3C8256DA5D300AF463B /* Context.swift in Sources */,
				2ADAD3B8256DA23A00AF463B /* Meme_OryWidget.swift in Sources */,
				2ADAD3CB256DA5E000AF463B /* Meme_Ory.xcdatamodeld in Sources */,
				2ADAD409256E4FE800AF463B /* URL+Extension.swift in Sources */,
				2ADAD3C5256DA5CB00AF463B /* Persistence.swift in Sources */,
				2ADAD3CE256DA5E300AF463B /* Story.swift in Sources */,
				2A8E440F256EF1C8002C0DFC /* Provider.swift in Sources */,
				2A64D42D257164B900C1817F /* Brief.swift in Sources */,
				2ADAD3DE256DA67500AF463B /* SampleData.swift in Sources */,
				2A8E4418256EF228002C0DFC /* WidgetEntryView.swift in Sources */,
			);
			runOnlyForDeploymentPostprocessing = 0;
		};
/* End PBXSourcesBuildPhase section */

/* Begin PBXTargetDependency section */
		2ADAD3BD256DA23B00AF463B /* PBXTargetDependency */ = {
			isa = PBXTargetDependency;
			target = 2ADAD3AF256DA23A00AF463B /* Meme-OryWidgetExtension */;
			targetProxy = 2ADAD3BC256DA23B00AF463B /* PBXContainerItemProxy */;
		};
/* End PBXTargetDependency section */

/* Begin XCBuildConfiguration section */
		2A1B5FC5256A4A5E00E3283D /* Debug */ = {
			isa = XCBuildConfiguration;
			buildSettings = {
				ALWAYS_SEARCH_USER_PATHS = NO;
				CLANG_ANALYZER_NONNULL = YES;
				CLANG_ANALYZER_NUMBER_OBJECT_CONVERSION = YES_AGGRESSIVE;
				CLANG_CXX_LANGUAGE_STANDARD = "gnu++14";
				CLANG_CXX_LIBRARY = "libc++";
				CLANG_ENABLE_MODULES = YES;
				CLANG_ENABLE_OBJC_ARC = YES;
				CLANG_ENABLE_OBJC_WEAK = YES;
				CLANG_WARN_BLOCK_CAPTURE_AUTORELEASING = YES;
				CLANG_WARN_BOOL_CONVERSION = YES;
				CLANG_WARN_COMMA = YES;
				CLANG_WARN_CONSTANT_CONVERSION = YES;
				CLANG_WARN_DEPRECATED_OBJC_IMPLEMENTATIONS = YES;
				CLANG_WARN_DIRECT_OBJC_ISA_USAGE = YES_ERROR;
				CLANG_WARN_DOCUMENTATION_COMMENTS = YES;
				CLANG_WARN_EMPTY_BODY = YES;
				CLANG_WARN_ENUM_CONVERSION = YES;
				CLANG_WARN_INFINITE_RECURSION = YES;
				CLANG_WARN_INT_CONVERSION = YES;
				CLANG_WARN_NON_LITERAL_NULL_CONVERSION = YES;
				CLANG_WARN_OBJC_IMPLICIT_RETAIN_SELF = YES;
				CLANG_WARN_OBJC_LITERAL_CONVERSION = YES;
				CLANG_WARN_OBJC_ROOT_CLASS = YES_ERROR;
				CLANG_WARN_QUOTED_INCLUDE_IN_FRAMEWORK_HEADER = YES;
				CLANG_WARN_RANGE_LOOP_ANALYSIS = YES;
				CLANG_WARN_STRICT_PROTOTYPES = YES;
				CLANG_WARN_SUSPICIOUS_MOVE = YES;
				CLANG_WARN_UNGUARDED_AVAILABILITY = YES_AGGRESSIVE;
				CLANG_WARN_UNREACHABLE_CODE = YES;
				CLANG_WARN__DUPLICATE_METHOD_MATCH = YES;
				COPY_PHASE_STRIP = NO;
				DEBUG_INFORMATION_FORMAT = dwarf;
				ENABLE_STRICT_OBJC_MSGSEND = YES;
				ENABLE_TESTABILITY = YES;
				GCC_C_LANGUAGE_STANDARD = gnu11;
				GCC_DYNAMIC_NO_PIC = NO;
				GCC_NO_COMMON_BLOCKS = YES;
				GCC_OPTIMIZATION_LEVEL = 0;
				GCC_PREPROCESSOR_DEFINITIONS = (
					"DEBUG=1",
					"$(inherited)",
				);
				GCC_WARN_64_TO_32_BIT_CONVERSION = YES;
				GCC_WARN_ABOUT_RETURN_TYPE = YES_ERROR;
				GCC_WARN_UNDECLARED_SELECTOR = YES;
				GCC_WARN_UNINITIALIZED_AUTOS = YES_AGGRESSIVE;
				GCC_WARN_UNUSED_FUNCTION = YES;
				GCC_WARN_UNUSED_VARIABLE = YES;
				IPHONEOS_DEPLOYMENT_TARGET = 14.2;
				MTL_ENABLE_DEBUG_INFO = INCLUDE_SOURCE;
				MTL_FAST_MATH = YES;
				ONLY_ACTIVE_ARCH = YES;
				SDKROOT = iphoneos;
				SWIFT_ACTIVE_COMPILATION_CONDITIONS = DEBUG;
				SWIFT_OPTIMIZATION_LEVEL = "-Onone";
			};
			name = Debug;
		};
		2A1B5FC6256A4A5E00E3283D /* Release */ = {
			isa = XCBuildConfiguration;
			buildSettings = {
				ALWAYS_SEARCH_USER_PATHS = NO;
				CLANG_ANALYZER_NONNULL = YES;
				CLANG_ANALYZER_NUMBER_OBJECT_CONVERSION = YES_AGGRESSIVE;
				CLANG_CXX_LANGUAGE_STANDARD = "gnu++14";
				CLANG_CXX_LIBRARY = "libc++";
				CLANG_ENABLE_MODULES = YES;
				CLANG_ENABLE_OBJC_ARC = YES;
				CLANG_ENABLE_OBJC_WEAK = YES;
				CLANG_WARN_BLOCK_CAPTURE_AUTORELEASING = YES;
				CLANG_WARN_BOOL_CONVERSION = YES;
				CLANG_WARN_COMMA = YES;
				CLANG_WARN_CONSTANT_CONVERSION = YES;
				CLANG_WARN_DEPRECATED_OBJC_IMPLEMENTATIONS = YES;
				CLANG_WARN_DIRECT_OBJC_ISA_USAGE = YES_ERROR;
				CLANG_WARN_DOCUMENTATION_COMMENTS = YES;
				CLANG_WARN_EMPTY_BODY = YES;
				CLANG_WARN_ENUM_CONVERSION = YES;
				CLANG_WARN_INFINITE_RECURSION = YES;
				CLANG_WARN_INT_CONVERSION = YES;
				CLANG_WARN_NON_LITERAL_NULL_CONVERSION = YES;
				CLANG_WARN_OBJC_IMPLICIT_RETAIN_SELF = YES;
				CLANG_WARN_OBJC_LITERAL_CONVERSION = YES;
				CLANG_WARN_OBJC_ROOT_CLASS = YES_ERROR;
				CLANG_WARN_QUOTED_INCLUDE_IN_FRAMEWORK_HEADER = YES;
				CLANG_WARN_RANGE_LOOP_ANALYSIS = YES;
				CLANG_WARN_STRICT_PROTOTYPES = YES;
				CLANG_WARN_SUSPICIOUS_MOVE = YES;
				CLANG_WARN_UNGUARDED_AVAILABILITY = YES_AGGRESSIVE;
				CLANG_WARN_UNREACHABLE_CODE = YES;
				CLANG_WARN__DUPLICATE_METHOD_MATCH = YES;
				COPY_PHASE_STRIP = NO;
				DEBUG_INFORMATION_FORMAT = "dwarf-with-dsym";
				ENABLE_NS_ASSERTIONS = NO;
				ENABLE_STRICT_OBJC_MSGSEND = YES;
				GCC_C_LANGUAGE_STANDARD = gnu11;
				GCC_NO_COMMON_BLOCKS = YES;
				GCC_WARN_64_TO_32_BIT_CONVERSION = YES;
				GCC_WARN_ABOUT_RETURN_TYPE = YES_ERROR;
				GCC_WARN_UNDECLARED_SELECTOR = YES;
				GCC_WARN_UNINITIALIZED_AUTOS = YES_AGGRESSIVE;
				GCC_WARN_UNUSED_FUNCTION = YES;
				GCC_WARN_UNUSED_VARIABLE = YES;
				IPHONEOS_DEPLOYMENT_TARGET = 14.2;
				MTL_ENABLE_DEBUG_INFO = NO;
				MTL_FAST_MATH = YES;
				SDKROOT = iphoneos;
				SWIFT_COMPILATION_MODE = wholemodule;
				SWIFT_OPTIMIZATION_LEVEL = "-O";
				VALIDATE_PRODUCT = YES;
			};
			name = Release;
		};
		2A1B5FC8256A4A5E00E3283D /* Debug */ = {
			isa = XCBuildConfiguration;
			buildSettings = {
				ALWAYS_EMBED_SWIFT_STANDARD_LIBRARIES = YES;
				ASSETCATALOG_COMPILER_APPICON_NAME = AppIcon;
				ASSETCATALOG_COMPILER_GLOBAL_ACCENT_COLOR_NAME = AccentColor;
				CODE_SIGN_ENTITLEMENTS = "Meme-Ory/Meme-Ory.entitlements";
				CODE_SIGN_STYLE = Automatic;
				CURRENT_PROJECT_VERSION = 25;
				DEVELOPMENT_ASSET_PATHS = "\"Meme-Ory/Preview Content\"";
				DEVELOPMENT_TEAM = VRVJ9YNRQU;
				ENABLE_PREVIEWS = YES;
				INFOPLIST_FILE = "Meme-Ory/Info.plist";
				IPHONEOS_DEPLOYMENT_TARGET = 14.0;
				LD_RUNPATH_SEARCH_PATHS = (
					"$(inherited)",
					"@executable_path/Frameworks",
				);
				MARKETING_VERSION = 0.3;
				PRODUCT_BUNDLE_IDENTIFIER = "com.photoigor.Meme-Ory";
				PRODUCT_NAME = "$(TARGET_NAME)";
				SWIFT_VERSION = 5.0;
				TARGETED_DEVICE_FAMILY = "1,2";
			};
			name = Debug;
		};
		2A1B5FC9256A4A5E00E3283D /* Release */ = {
			isa = XCBuildConfiguration;
			buildSettings = {
				ALWAYS_EMBED_SWIFT_STANDARD_LIBRARIES = YES;
				ASSETCATALOG_COMPILER_APPICON_NAME = AppIcon;
				ASSETCATALOG_COMPILER_GLOBAL_ACCENT_COLOR_NAME = AccentColor;
				CODE_SIGN_ENTITLEMENTS = "Meme-Ory/Meme-Ory.entitlements";
				CODE_SIGN_STYLE = Automatic;
				CURRENT_PROJECT_VERSION = 25;
				DEVELOPMENT_ASSET_PATHS = "\"Meme-Ory/Preview Content\"";
				DEVELOPMENT_TEAM = VRVJ9YNRQU;
				ENABLE_PREVIEWS = YES;
				INFOPLIST_FILE = "Meme-Ory/Info.plist";
				IPHONEOS_DEPLOYMENT_TARGET = 14.0;
				LD_RUNPATH_SEARCH_PATHS = (
					"$(inherited)",
					"@executable_path/Frameworks",
				);
				MARKETING_VERSION = 0.3;
				PRODUCT_BUNDLE_IDENTIFIER = "com.photoigor.Meme-Ory";
				PRODUCT_NAME = "$(TARGET_NAME)";
				SWIFT_VERSION = 5.0;
				TARGETED_DEVICE_FAMILY = "1,2";
			};
			name = Release;
		};
		2ADAD3C0256DA23B00AF463B /* Debug */ = {
			isa = XCBuildConfiguration;
			buildSettings = {
				ASSETCATALOG_COMPILER_GLOBAL_ACCENT_COLOR_NAME = AccentColor;
				ASSETCATALOG_COMPILER_WIDGET_BACKGROUND_COLOR_NAME = WidgetBackground;
				CODE_SIGN_ENTITLEMENTS = "Meme-OryWidgetExtension.entitlements";
				CODE_SIGN_STYLE = Automatic;
				DEVELOPMENT_TEAM = VRVJ9YNRQU;
				INFOPLIST_FILE = "Meme-OryWidget/Info.plist";
				LD_RUNPATH_SEARCH_PATHS = (
					"$(inherited)",
					"@executable_path/Frameworks",
					"@executable_path/../../Frameworks",
				);
				PRODUCT_BUNDLE_IDENTIFIER = "com.photoigor.Meme-Ory.Meme-OryWidget";
				PRODUCT_NAME = "$(TARGET_NAME)";
				SKIP_INSTALL = YES;
				SWIFT_VERSION = 5.0;
				TARGETED_DEVICE_FAMILY = "1,2";
			};
			name = Debug;
		};
		2ADAD3C1256DA23B00AF463B /* Release */ = {
			isa = XCBuildConfiguration;
			buildSettings = {
				ASSETCATALOG_COMPILER_GLOBAL_ACCENT_COLOR_NAME = AccentColor;
				ASSETCATALOG_COMPILER_WIDGET_BACKGROUND_COLOR_NAME = WidgetBackground;
				CODE_SIGN_ENTITLEMENTS = "Meme-OryWidgetExtension.entitlements";
				CODE_SIGN_STYLE = Automatic;
				DEVELOPMENT_TEAM = VRVJ9YNRQU;
				INFOPLIST_FILE = "Meme-OryWidget/Info.plist";
				LD_RUNPATH_SEARCH_PATHS = (
					"$(inherited)",
					"@executable_path/Frameworks",
					"@executable_path/../../Frameworks",
				);
				PRODUCT_BUNDLE_IDENTIFIER = "com.photoigor.Meme-Ory.Meme-OryWidget";
				PRODUCT_NAME = "$(TARGET_NAME)";
				SKIP_INSTALL = YES;
				SWIFT_VERSION = 5.0;
				TARGETED_DEVICE_FAMILY = "1,2";
			};
			name = Release;
		};
/* End XCBuildConfiguration section */

/* Begin XCConfigurationList section */
		2A1B5FAE256A4A5D00E3283D /* Build configuration list for PBXProject "Meme-Ory" */ = {
			isa = XCConfigurationList;
			buildConfigurations = (
				2A1B5FC5256A4A5E00E3283D /* Debug */,
				2A1B5FC6256A4A5E00E3283D /* Release */,
			);
			defaultConfigurationIsVisible = 0;
			defaultConfigurationName = Release;
		};
		2A1B5FC7256A4A5E00E3283D /* Build configuration list for PBXNativeTarget "Meme-Ory" */ = {
			isa = XCConfigurationList;
			buildConfigurations = (
				2A1B5FC8256A4A5E00E3283D /* Debug */,
				2A1B5FC9256A4A5E00E3283D /* Release */,
			);
			defaultConfigurationIsVisible = 0;
			defaultConfigurationName = Release;
		};
		2ADAD3BF256DA23B00AF463B /* Build configuration list for PBXNativeTarget "Meme-OryWidgetExtension" */ = {
			isa = XCConfigurationList;
			buildConfigurations = (
				2ADAD3C0256DA23B00AF463B /* Debug */,
				2ADAD3C1256DA23B00AF463B /* Release */,
			);
			defaultConfigurationIsVisible = 0;
			defaultConfigurationName = Release;
		};
/* End XCConfigurationList section */

/* Begin XCVersionGroup section */
		2A1B5FCB256A4AE100E3283D /* Meme_Ory.xcdatamodeld */ = {
			isa = XCVersionGroup;
			children = (
				2A1B5FCC256A4AE100E3283D /* Meme_Ory.xcdatamodel */,
			);
			currentVersion = 2A1B5FCC256A4AE100E3283D /* Meme_Ory.xcdatamodel */;
			path = Meme_Ory.xcdatamodeld;
			sourceTree = "<group>";
			versionGroupType = wrapper.xcdatamodel;
		};
/* End XCVersionGroup section */
	};
	rootObject = 2A1B5FAB256A4A5D00E3283D /* Project object */;
}
