// !$*UTF8*$!
{
	archiveVersion = 1;
	classes = {
	};
	objectVersion = 50;
	objects = {

/* Begin PBXBuildFile section */
		2A031FF8257E4BD8009AF197 /* Calendar.Component+Ext.swift in Sources */ = {isa = PBXBuildFile; fileRef = 2AEEF8FD25700061008D1B31 /* Calendar.Component+Ext.swift */; };
		2A031FFF257E4BDD009AF197 /* Calendar.Component+Ext.swift in Sources */ = {isa = PBXBuildFile; fileRef = 2AEEF8FD25700061008D1B31 /* Calendar.Component+Ext.swift */; };
		2A03200E257E6B61009AF197 /* NSManagedObjectContext+Ext.swift in Sources */ = {isa = PBXBuildFile; fileRef = 2A4F4A9F2578ED03008536DE /* NSManagedObjectContext+Ext.swift */; };
		2A055C842577EF2F00221367 /* MyJavaScriptFile.js in Resources */ = {isa = PBXBuildFile; fileRef = 2A055C832577EF2F00221367 /* MyJavaScriptFile.js */; };
		2A167B9A258316D3007A986B /* String+Ext.swift in Sources */ = {isa = PBXBuildFile; fileRef = 2A167B99258316D3007A986B /* String+Ext.swift */; };
		2A16CDE32574EFEC00146F3E /* Tag.swift in Sources */ = {isa = PBXBuildFile; fileRef = 2A935C9A256A7717004B6E10 /* Tag.swift */; };
		2A16CDE42574EFEC00146F3E /* Story.swift in Sources */ = {isa = PBXBuildFile; fileRef = 2A935C8B256A51AC004B6E10 /* Story.swift */; };
		2A16CDE82574EFF000146F3E /* Meme_Ory.xcdatamodeld in Sources */ = {isa = PBXBuildFile; fileRef = 2A1B5FCB256A4AE100E3283D /* Meme_Ory.xcdatamodeld */; };
		2A16CDEC2574F09C00146F3E /* Brief.swift in Sources */ = {isa = PBXBuildFile; fileRef = 2A1164A6257102BF000AD487 /* Brief.swift */; };
		2A16CDF02574F0A300146F3E /* SampleData.swift in Sources */ = {isa = PBXBuildFile; fileRef = 2A935C9D256A77BE004B6E10 /* SampleData.swift */; };
		2A16CDF52574F0E400146F3E /* NSPredicate+Ext.swift in Sources */ = {isa = PBXBuildFile; fileRef = 2A16CDF42574F0E400146F3E /* NSPredicate+Ext.swift */; };
		2A16CDF92574F0F000146F3E /* NSPredicate+Ext.swift in Sources */ = {isa = PBXBuildFile; fileRef = 2A16CDF42574F0E400146F3E /* NSPredicate+Ext.swift */; };
		2A16CDFD2574F0F100146F3E /* NSPredicate+Ext.swift in Sources */ = {isa = PBXBuildFile; fileRef = 2A16CDF42574F0E400146F3E /* NSPredicate+Ext.swift */; };
		2A16CE102574F12B00146F3E /* URL+Extension.swift in Sources */ = {isa = PBXBuildFile; fileRef = 2ADAD3F5256E4B5F00AF463B /* URL+Extension.swift */; };
		2A1943C52587506B00E81C73 /* SingleStoryView.swift in Sources */ = {isa = PBXBuildFile; fileRef = 2A1943C42587506B00E81C73 /* SingleStoryView.swift */; };
		2A1943CB258751CB00E81C73 /* StoryListRowView.swift in Sources */ = {isa = PBXBuildFile; fileRef = 2A1943CA258751CB00E81C73 /* StoryListRowView.swift */; };
		2A1943D12587527F00E81C73 /* StoryListView.swift in Sources */ = {isa = PBXBuildFile; fileRef = 2A1943D02587527F00E81C73 /* StoryListView.swift */; };
		2A1943D7258763D700E81C73 /* MainViewActionButtons.swift in Sources */ = {isa = PBXBuildFile; fileRef = 2A1943D6258763D700E81C73 /* MainViewActionButtons.swift */; };
		2A19440F2587717200E81C73 /* Text and Timestamp Duplicate.swift in Sources */ = {isa = PBXBuildFile; fileRef = 2A19440E2587717200E81C73 /* Text and Timestamp Duplicate.swift */; };
		2A19441A258771AF00E81C73 /* StoryTextPicker.swift in Sources */ = {isa = PBXBuildFile; fileRef = 2A194419258771AF00E81C73 /* StoryTextPicker.swift */; };
		2A194424258771C100E81C73 /* TimestampPicker.swift in Sources */ = {isa = PBXBuildFile; fileRef = 2A194423258771C100E81C73 /* TimestampPicker.swift */; };
		2A1944302587723300E81C73 /* MaintenanceViewModel.swift in Sources */ = {isa = PBXBuildFile; fileRef = 2A19442F2587723300E81C73 /* MaintenanceViewModel.swift */; };
		2A19443A2587737B00E81C73 /* StoryListSimpleView.swift in Sources */ = {isa = PBXBuildFile; fileRef = 2A1944392587737B00E81C73 /* StoryListSimpleView.swift */; };
		2A1944402587740400E81C73 /* StoryListRowSimpleView.swift in Sources */ = {isa = PBXBuildFile; fileRef = 2A19443F2587740400E81C73 /* StoryListRowSimpleView.swift */; };
		2A1944462587743900E81C73 /* StorySimpleView.swift in Sources */ = {isa = PBXBuildFile; fileRef = 2A1944452587743900E81C73 /* StorySimpleView.swift */; };
		2A19444C2587749500E81C73 /* ListKind.swift in Sources */ = {isa = PBXBuildFile; fileRef = 2A19444B2587749500E81C73 /* ListKind.swift */; };
		2A1A4C2D2587EA36008A84A2 /* Sequence+Ext.swift in Sources */ = {isa = PBXBuildFile; fileRef = 2A1A4C2C2587EA36008A84A2 /* Sequence+Ext.swift */; };
		2A1A4C322587EA61008A84A2 /* Sequence+Ext.swift in Sources */ = {isa = PBXBuildFile; fileRef = 2A1A4C2C2587EA36008A84A2 /* Sequence+Ext.swift */; };
		2A1A4C372587EA62008A84A2 /* Sequence+Ext.swift in Sources */ = {isa = PBXBuildFile; fileRef = 2A1A4C2C2587EA36008A84A2 /* Sequence+Ext.swift */; };
		2A1A4C3D2587EB43008A84A2 /* NSManagedObjectContext+Publishers.swift in Sources */ = {isa = PBXBuildFile; fileRef = 2A1A4C3C2587EB43008A84A2 /* NSManagedObjectContext+Publishers.swift */; };
		2A1A4C432587EBEB008A84A2 /* NSManagedObjectContext+Get.swift in Sources */ = {isa = PBXBuildFile; fileRef = 2A1A4C422587EBEB008A84A2 /* NSManagedObjectContext+Get.swift */; };
		2A1A4C492587EC6C008A84A2 /* NSManagedObjectContext+Random.swift in Sources */ = {isa = PBXBuildFile; fileRef = 2A1A4C482587EC6C008A84A2 /* NSManagedObjectContext+Random.swift */; };
		2A1A4C4E2587EC94008A84A2 /* NSManagedObjectContext+Random.swift in Sources */ = {isa = PBXBuildFile; fileRef = 2A1A4C482587EC6C008A84A2 /* NSManagedObjectContext+Random.swift */; };
		2A1A4C532587EC97008A84A2 /* NSManagedObjectContext+Random.swift in Sources */ = {isa = PBXBuildFile; fileRef = 2A1A4C482587EC6C008A84A2 /* NSManagedObjectContext+Random.swift */; };
		2A1B5FB7256A4A5D00E3283D /* Meme_OryApp.swift in Sources */ = {isa = PBXBuildFile; fileRef = 2A1B5FB6256A4A5D00E3283D /* Meme_OryApp.swift */; };
		2A1B5FBB256A4A5E00E3283D /* Assets.xcassets in Resources */ = {isa = PBXBuildFile; fileRef = 2A1B5FBA256A4A5E00E3283D /* Assets.xcassets */; };
		2A1B5FBE256A4A5E00E3283D /* Preview Assets.xcassets in Resources */ = {isa = PBXBuildFile; fileRef = 2A1B5FBD256A4A5E00E3283D /* Preview Assets.xcassets */; };
		2A1B5FCD256A4AE100E3283D /* Meme_Ory.xcdatamodeld in Sources */ = {isa = PBXBuildFile; fileRef = 2A1B5FCB256A4AE100E3283D /* Meme_Ory.xcdatamodeld */; };
		2A21716F257CEE3C0098681E /* StoryImporter.swift in Sources */ = {isa = PBXBuildFile; fileRef = 2A21716E257CEE3C0098681E /* StoryImporter.swift */; };
		2A251B8A25767960004F9218 /* ShareStoryButtons.swift in Sources */ = {isa = PBXBuildFile; fileRef = 2A251B8925767960004F9218 /* ShareStoryButtons.swift */; };
		2A29E7012589598600F2719B /* String+Ext.swift in Sources */ = {isa = PBXBuildFile; fileRef = 2A167B99258316D3007A986B /* String+Ext.swift */; };
		2A33A3DA257139E200538FE3 /* JSONDocument.swift in Sources */ = {isa = PBXBuildFile; fileRef = 2A33A3D9257139E200538FE3 /* JSONDocument.swift */; };
		2A33A3E225714DA500538FE3 /* ImportTextView.swift in Sources */ = {isa = PBXBuildFile; fileRef = 2A33A3E125714DA500538FE3 /* ImportTextView.swift */; };
		2A4CC9F625795269000A21C9 /* CardModifier.swift in Sources */ = {isa = PBXBuildFile; fileRef = 2A4CC9F525795269000A21C9 /* CardModifier.swift */; };
		2A4CC9FB25795A5E000A21C9 /* LabeledButton.swift in Sources */ = {isa = PBXBuildFile; fileRef = 2A4CC9FA25795A5E000A21C9 /* LabeledButton.swift */; };
		2A4F4AA02578ED03008536DE /* NSManagedObjectContext+Ext.swift in Sources */ = {isa = PBXBuildFile; fileRef = 2A4F4A9F2578ED03008536DE /* NSManagedObjectContext+Ext.swift */; };
		2A5005F3257197B4005E969A /* ImportTextViewModel.swift in Sources */ = {isa = PBXBuildFile; fileRef = 2A5005F2257197B4005E969A /* ImportTextViewModel.swift */; };
		2A64D42D257164B900C1817F /* Brief.swift in Sources */ = {isa = PBXBuildFile; fileRef = 2A1164A6257102BF000AD487 /* Brief.swift */; };
		2A6A3112257163CC007F2C0D /* Brief.swift in Sources */ = {isa = PBXBuildFile; fileRef = 2A1164A6257102BF000AD487 /* Brief.swift */; };
		2A6D6BE7258608A500BBA8C7 /* MainView.swift in Sources */ = {isa = PBXBuildFile; fileRef = 2A6D6BE6258608A500BBA8C7 /* MainView.swift */; };
		2A6D6BF2258608C500BBA8C7 /* MainViewModel.swift in Sources */ = {isa = PBXBuildFile; fileRef = 2A6D6BF1258608C500BBA8C7 /* MainViewModel.swift */; };
		2A6D6C052586735400BBA8C7 /* MainViewModel Enums + Ext.swift in Sources */ = {isa = PBXBuildFile; fileRef = 2A6D6C042586735400BBA8C7 /* MainViewModel Enums + Ext.swift */; };
		2A6D6C132586BAAD00BBA8C7 /* StoryActionButtons.swift in Sources */ = {isa = PBXBuildFile; fileRef = 2A6D6C122586BAAD00BBA8C7 /* StoryActionButtons.swift */; };
		2A6D6C192586DB3300BBA8C7 /* ListActionButtons.swift in Sources */ = {isa = PBXBuildFile; fileRef = 2A6D6C182586DB3300BBA8C7 /* ListActionButtons.swift */; };
		2A6D6C1F2587311300BBA8C7 /* ListOptionsView.swift in Sources */ = {isa = PBXBuildFile; fileRef = 2A6D6C1E2587311300BBA8C7 /* ListOptionsView.swift */; };
		2A85412B256EFED20051906B /* TagEditView.swift in Sources */ = {isa = PBXBuildFile; fileRef = 2A85412A256EFED20051906B /* TagEditView.swift */; };
		2A8AFCC825805D7500A0DD94 /* ListOptions.swift in Sources */ = {isa = PBXBuildFile; fileRef = 2A8AFCC725805D7500A0DD94 /* ListOptions.swift */; };
		2A8AFCCD25805DEC00A0DD94 /* ListOptions Enums + Ext.swift in Sources */ = {isa = PBXBuildFile; fileRef = 2A8AFCCC25805DEC00A0DD94 /* ListOptions Enums + Ext.swift */; };
		2A8AFCE32580FCAE00A0DD94 /* Meme_OryUITests.swift in Sources */ = {isa = PBXBuildFile; fileRef = 2A8AFCE22580FCAE00A0DD94 /* Meme_OryUITests.swift */; };
		2A8AFCEF2580FF0800A0DD94 /* UILaunchTests.swift in Sources */ = {isa = PBXBuildFile; fileRef = 2A8AFCEE2580FF0800A0DD94 /* UILaunchTests.swift */; };
		2A8AFCF4258100B800A0DD94 /* NSManagedObjectContext+Ext.swift in Sources */ = {isa = PBXBuildFile; fileRef = 2A4F4A9F2578ED03008536DE /* NSManagedObjectContext+Ext.swift */; };
		2A8AFD0E25814A8E00A0DD94 /* MaintenanceView.swift in Sources */ = {isa = PBXBuildFile; fileRef = 2A8AFD0D25814A8E00A0DD94 /* MaintenanceView.swift */; };
		2A8E440F256EF1C8002C0DFC /* Provider.swift in Sources */ = {isa = PBXBuildFile; fileRef = 2A8E4409256EF19A002C0DFC /* Provider.swift */; };
		2A8E4418256EF228002C0DFC /* WidgetEntryView.swift in Sources */ = {isa = PBXBuildFile; fileRef = 2A8E4414256EF1FB002C0DFC /* WidgetEntryView.swift */; };
		2A8E4423256EF256002C0DFC /* Entry.swift in Sources */ = {isa = PBXBuildFile; fileRef = 2A8E441D256EF24B002C0DFC /* Entry.swift */; };
		2A935C8C256A51AC004B6E10 /* Story.swift in Sources */ = {isa = PBXBuildFile; fileRef = 2A935C8B256A51AC004B6E10 /* Story.swift */; };
		2A935C92256A6B0E004B6E10 /* StoryEditorView.swift in Sources */ = {isa = PBXBuildFile; fileRef = 2A935C91256A6B0E004B6E10 /* StoryEditorView.swift */; };
		2A935C9B256A7717004B6E10 /* Tag.swift in Sources */ = {isa = PBXBuildFile; fileRef = 2A935C9A256A7717004B6E10 /* Tag.swift */; };
		2A935C9E256A77BE004B6E10 /* SampleData.swift in Sources */ = {isa = PBXBuildFile; fileRef = 2A935C9D256A77BE004B6E10 /* SampleData.swift */; };
		2A935CA9256A83A0004B6E10 /* TagGridView.swift in Sources */ = {isa = PBXBuildFile; fileRef = 2A935CA8256A83A0004B6E10 /* TagGridView.swift */; };
		2A935CAC256A98C4004B6E10 /* TagView.swift in Sources */ = {isa = PBXBuildFile; fileRef = 2A935CAB256A98C4004B6E10 /* TagView.swift */; };
		2A935CB5256AE8C0004B6E10 /* TagGridWrapperView.swift in Sources */ = {isa = PBXBuildFile; fileRef = 2A935CB4256AE8C0004B6E10 /* TagGridWrapperView.swift */; };
		2AA540372587E91C00A5FBED /* String+Ext.swift in Sources */ = {isa = PBXBuildFile; fileRef = 2A167B99258316D3007A986B /* String+Ext.swift */; };
		2AA89175256BE8080042395A /* SearchModifier.swift in Sources */ = {isa = PBXBuildFile; fileRef = 2AA89174256BE8080042395A /* SearchModifier.swift */; };
		2AB0317A256CD35700BEC832 /* StoryTagView.swift in Sources */ = {isa = PBXBuildFile; fileRef = 2AB03179256CD35700BEC832 /* StoryTagView.swift */; };
		2ABAB1922575010300D9B2F1 /* Assets.xcassets in Resources */ = {isa = PBXBuildFile; fileRef = 2A1B5FBA256A4A5E00E3283D /* Assets.xcassets */; };
		2ABAB1962575010400D9B2F1 /* Assets.xcassets in Resources */ = {isa = PBXBuildFile; fileRef = 2A1B5FBA256A4A5E00E3283D /* Assets.xcassets */; };
		2ABAEEAC25877ACA00D59CA2 /* ListRowActionButtons.swift in Sources */ = {isa = PBXBuildFile; fileRef = 2ABAEEAB25877ACA00D59CA2 /* ListRowActionButtons.swift */; };
		2ABAEEBA258798E400D59CA2 /* ConfirmAndDelete.swift in Sources */ = {isa = PBXBuildFile; fileRef = 2ABAEEB9258798E400D59CA2 /* ConfirmAndDelete.swift */; };
		2AC2F9E02588C23B00D49560 /* StorageProvider.swift in Sources */ = {isa = PBXBuildFile; fileRef = 2A1B5FBF256A4A5E00E3283D /* StorageProvider.swift */; };
		2AC2F9E12588C23B00D49560 /* StorageProvider.swift in Sources */ = {isa = PBXBuildFile; fileRef = 2A1B5FBF256A4A5E00E3283D /* StorageProvider.swift */; };
		2AC2F9E22588C23C00D49560 /* StorageProvider.swift in Sources */ = {isa = PBXBuildFile; fileRef = 2A1B5FBF256A4A5E00E3283D /* StorageProvider.swift */; };
		2AC2F9F82588DA6700D49560 /* CloudKit.framework in Frameworks */ = {isa = PBXBuildFile; fileRef = 2AC2F9F72588DA6700D49560 /* CloudKit.framework */; };
		2AC2F9F92588DD9E00D49560 /* CloudKit.framework in Frameworks */ = {isa = PBXBuildFile; fileRef = 2AC2F9F72588DA6700D49560 /* CloudKit.framework */; };
		2ACCEE3A257E08A40022B752 /* Ory.swift in Sources */ = {isa = PBXBuildFile; fileRef = 2ACCEE39257E08A40022B752 /* Ory.swift */; };
		2ACCEE41257E10AE0022B752 /* Ory.swift in Sources */ = {isa = PBXBuildFile; fileRef = 2ACCEE39257E08A40022B752 /* Ory.swift */; };
		2ACCEE49257E12AF0022B752 /* EventStore.swift in Sources */ = {isa = PBXBuildFile; fileRef = 2AEEF90525702EBF008D1B31 /* EventStore.swift */; };
		2ACCEE50257E13740022B752 /* EventStore.swift in Sources */ = {isa = PBXBuildFile; fileRef = 2AEEF90525702EBF008D1B31 /* EventStore.swift */; };
		2ACCEE54257E13790022B752 /* EKEventStore+Ext.swift in Sources */ = {isa = PBXBuildFile; fileRef = 2AEEF9012570007F008D1B31 /* EKEventStore+Ext.swift */; };
		2ACCEE58257E13790022B752 /* EKEventStore+Ext.swift in Sources */ = {isa = PBXBuildFile; fileRef = 2AEEF9012570007F008D1B31 /* EKEventStore+Ext.swift */; };
		2ACCEE5F257E15760022B752 /* Ory.swift in Sources */ = {isa = PBXBuildFile; fileRef = 2ACCEE39257E08A40022B752 /* Ory.swift */; };
		2ADAD3B3256DA23A00AF463B /* WidgetKit.framework in Frameworks */ = {isa = PBXBuildFile; fileRef = 2ADAD3B2256DA23A00AF463B /* WidgetKit.framework */; };
		2ADAD3B5256DA23A00AF463B /* SwiftUI.framework in Frameworks */ = {isa = PBXBuildFile; fileRef = 2ADAD3B4256DA23A00AF463B /* SwiftUI.framework */; };
		2ADAD3B8256DA23A00AF463B /* Meme_OryWidget.swift in Sources */ = {isa = PBXBuildFile; fileRef = 2ADAD3B7256DA23A00AF463B /* Meme_OryWidget.swift */; };
		2ADAD3BA256DA23B00AF463B /* Assets.xcassets in Resources */ = {isa = PBXBuildFile; fileRef = 2ADAD3B9256DA23B00AF463B /* Assets.xcassets */; };
		2ADAD3BE256DA23B00AF463B /* Meme-OryWidgetExtension.appex in Embed App Extensions */ = {isa = PBXBuildFile; fileRef = 2ADAD3B0256DA23A00AF463B /* Meme-OryWidgetExtension.appex */; settings = {ATTRIBUTES = (RemoveHeadersOnCopy, ); }; };
		2ADAD3CB256DA5E000AF463B /* Meme_Ory.xcdatamodeld in Sources */ = {isa = PBXBuildFile; fileRef = 2A1B5FCB256A4AE100E3283D /* Meme_Ory.xcdatamodeld */; };
		2ADAD3CE256DA5E300AF463B /* Story.swift in Sources */ = {isa = PBXBuildFile; fileRef = 2A935C8B256A51AC004B6E10 /* Story.swift */; };
		2ADAD3D1256DA5E700AF463B /* Tag.swift in Sources */ = {isa = PBXBuildFile; fileRef = 2A935C9A256A7717004B6E10 /* Tag.swift */; };
		2ADAD3DE256DA67500AF463B /* SampleData.swift in Sources */ = {isa = PBXBuildFile; fileRef = 2A935C9D256A77BE004B6E10 /* SampleData.swift */; };
		2ADAD3F6256E4B5F00AF463B /* URL+Extension.swift in Sources */ = {isa = PBXBuildFile; fileRef = 2ADAD3F5256E4B5F00AF463B /* URL+Extension.swift */; };
		2ADAD409256E4FE800AF463B /* URL+Extension.swift in Sources */ = {isa = PBXBuildFile; fileRef = 2ADAD3F5256E4B5F00AF463B /* URL+Extension.swift */; };
		2AEEF8FE25700061008D1B31 /* Calendar.Component+Ext.swift in Sources */ = {isa = PBXBuildFile; fileRef = 2AEEF8FD25700061008D1B31 /* Calendar.Component+Ext.swift */; };
		2AEEF9022570007F008D1B31 /* EKEventStore+Ext.swift in Sources */ = {isa = PBXBuildFile; fileRef = 2AEEF9012570007F008D1B31 /* EKEventStore+Ext.swift */; };
		2AEEF90625702EBF008D1B31 /* EventStore.swift in Sources */ = {isa = PBXBuildFile; fileRef = 2AEEF90525702EBF008D1B31 /* EventStore.swift */; };
		2AFD320F25841DCC00334A92 /* View+Ext.swift in Sources */ = {isa = PBXBuildFile; fileRef = 2AFD320E25841DCC00334A92 /* View+Ext.swift */; };
		2AFD326D2584F4EF00334A92 /* StoryImportTester.swift in Sources */ = {isa = PBXBuildFile; fileRef = 2AFD326C2584F4EF00334A92 /* StoryImportTester.swift */; };
		2AFE9E3F257246270037E8CF /* ErrorSheet.swift in Sources */ = {isa = PBXBuildFile; fileRef = 2AFE9E3E257246270037E8CF /* ErrorSheet.swift */; };
		2AFE9E522572F66A0037E8CF /* StoryEditorViewModel.swift in Sources */ = {isa = PBXBuildFile; fileRef = 2AFE9E512572F66A0037E8CF /* StoryEditorViewModel.swift */; };
		2AFE9E5C2573B00D0037E8CF /* ContentView.swift in Sources */ = {isa = PBXBuildFile; fileRef = 2AFE9E5B2573B00D0037E8CF /* ContentView.swift */; };
		2AFE9E6C25744F480037E8CF /* Media.xcassets in Resources */ = {isa = PBXBuildFile; fileRef = 2AFE9E6B25744F480037E8CF /* Media.xcassets */; };
		2AFE9E6E25744F480037E8CF /* ActionViewController.swift in Sources */ = {isa = PBXBuildFile; fileRef = 2AFE9E6D25744F480037E8CF /* ActionViewController.swift */; };
		2AFE9E7525744F480037E8CF /* ShareExtension.appex in Embed App Extensions */ = {isa = PBXBuildFile; fileRef = 2AFE9E6925744F480037E8CF /* ShareExtension.appex */; settings = {ATTRIBUTES = (RemoveHeadersOnCopy, ); }; };
		2AFE9E80257458430037E8CF /* MainInterface.storyboard in Resources */ = {isa = PBXBuildFile; fileRef = 2AFE9E7F257458430037E8CF /* MainInterface.storyboard */; };
/* End PBXBuildFile section */

/* Begin PBXContainerItemProxy section */
		2A8AFCE52580FCAE00A0DD94 /* PBXContainerItemProxy */ = {
			isa = PBXContainerItemProxy;
			containerPortal = 2A1B5FAB256A4A5D00E3283D /* Project object */;
			proxyType = 1;
			remoteGlobalIDString = 2A1B5FB2256A4A5D00E3283D;
			remoteInfo = "Meme-Ory";
		};
		2ADAD3BC256DA23B00AF463B /* PBXContainerItemProxy */ = {
			isa = PBXContainerItemProxy;
			containerPortal = 2A1B5FAB256A4A5D00E3283D /* Project object */;
			proxyType = 1;
			remoteGlobalIDString = 2ADAD3AF256DA23A00AF463B;
			remoteInfo = "Meme-OryWidgetExtension";
		};
		2AFE9E7325744F480037E8CF /* PBXContainerItemProxy */ = {
			isa = PBXContainerItemProxy;
			containerPortal = 2A1B5FAB256A4A5D00E3283D /* Project object */;
			proxyType = 1;
			remoteGlobalIDString = 2AFE9E6825744F480037E8CF;
			remoteInfo = ShareExtension;
		};
/* End PBXContainerItemProxy section */

/* Begin PBXCopyFilesBuildPhase section */
		2ADAD3C2256DA23B00AF463B /* Embed App Extensions */ = {
			isa = PBXCopyFilesBuildPhase;
			buildActionMask = 2147483647;
			dstPath = "";
			dstSubfolderSpec = 13;
			files = (
				2AFE9E7525744F480037E8CF /* ShareExtension.appex in Embed App Extensions */,
				2ADAD3BE256DA23B00AF463B /* Meme-OryWidgetExtension.appex in Embed App Extensions */,
			);
			name = "Embed App Extensions";
			runOnlyForDeploymentPostprocessing = 0;
		};
/* End PBXCopyFilesBuildPhase section */

/* Begin PBXFileReference section */
		2A055C832577EF2F00221367 /* MyJavaScriptFile.js */ = {isa = PBXFileReference; lastKnownFileType = sourcecode.javascript; path = MyJavaScriptFile.js; sourceTree = "<group>"; };
		2A1164A6257102BF000AD487 /* Brief.swift */ = {isa = PBXFileReference; lastKnownFileType = sourcecode.swift; path = Brief.swift; sourceTree = "<group>"; };
		2A167B99258316D3007A986B /* String+Ext.swift */ = {isa = PBXFileReference; lastKnownFileType = sourcecode.swift; path = "String+Ext.swift"; sourceTree = "<group>"; };
		2A16CDF42574F0E400146F3E /* NSPredicate+Ext.swift */ = {isa = PBXFileReference; lastKnownFileType = sourcecode.swift; path = "NSPredicate+Ext.swift"; sourceTree = "<group>"; };
		2A1943C42587506B00E81C73 /* SingleStoryView.swift */ = {isa = PBXFileReference; lastKnownFileType = sourcecode.swift; path = SingleStoryView.swift; sourceTree = "<group>"; };
		2A1943CA258751CB00E81C73 /* StoryListRowView.swift */ = {isa = PBXFileReference; lastKnownFileType = sourcecode.swift; path = StoryListRowView.swift; sourceTree = "<group>"; };
		2A1943D02587527F00E81C73 /* StoryListView.swift */ = {isa = PBXFileReference; lastKnownFileType = sourcecode.swift; path = StoryListView.swift; sourceTree = "<group>"; };
		2A1943D6258763D700E81C73 /* MainViewActionButtons.swift */ = {isa = PBXFileReference; lastKnownFileType = sourcecode.swift; path = MainViewActionButtons.swift; sourceTree = "<group>"; };
		2A19440E2587717200E81C73 /* Text and Timestamp Duplicate.swift */ = {isa = PBXFileReference; lastKnownFileType = sourcecode.swift; path = "Text and Timestamp Duplicate.swift"; sourceTree = "<group>"; };
		2A194419258771AF00E81C73 /* StoryTextPicker.swift */ = {isa = PBXFileReference; lastKnownFileType = sourcecode.swift; path = StoryTextPicker.swift; sourceTree = "<group>"; };
		2A194423258771C100E81C73 /* TimestampPicker.swift */ = {isa = PBXFileReference; lastKnownFileType = sourcecode.swift; path = TimestampPicker.swift; sourceTree = "<group>"; };
		2A19442F2587723300E81C73 /* MaintenanceViewModel.swift */ = {isa = PBXFileReference; lastKnownFileType = sourcecode.swift; path = MaintenanceViewModel.swift; sourceTree = "<group>"; };
		2A1944392587737B00E81C73 /* StoryListSimpleView.swift */ = {isa = PBXFileReference; lastKnownFileType = sourcecode.swift; path = StoryListSimpleView.swift; sourceTree = "<group>"; };
		2A19443F2587740400E81C73 /* StoryListRowSimpleView.swift */ = {isa = PBXFileReference; lastKnownFileType = sourcecode.swift; path = StoryListRowSimpleView.swift; sourceTree = "<group>"; };
		2A1944452587743900E81C73 /* StorySimpleView.swift */ = {isa = PBXFileReference; lastKnownFileType = sourcecode.swift; path = StorySimpleView.swift; sourceTree = "<group>"; };
		2A19444B2587749500E81C73 /* ListKind.swift */ = {isa = PBXFileReference; lastKnownFileType = sourcecode.swift; path = ListKind.swift; sourceTree = "<group>"; };
		2A1A4C2C2587EA36008A84A2 /* Sequence+Ext.swift */ = {isa = PBXFileReference; lastKnownFileType = sourcecode.swift; path = "Sequence+Ext.swift"; sourceTree = "<group>"; };
		2A1A4C3C2587EB43008A84A2 /* NSManagedObjectContext+Publishers.swift */ = {isa = PBXFileReference; lastKnownFileType = sourcecode.swift; path = "NSManagedObjectContext+Publishers.swift"; sourceTree = "<group>"; };
		2A1A4C422587EBEB008A84A2 /* NSManagedObjectContext+Get.swift */ = {isa = PBXFileReference; lastKnownFileType = sourcecode.swift; path = "NSManagedObjectContext+Get.swift"; sourceTree = "<group>"; };
		2A1A4C482587EC6C008A84A2 /* NSManagedObjectContext+Random.swift */ = {isa = PBXFileReference; lastKnownFileType = sourcecode.swift; path = "NSManagedObjectContext+Random.swift"; sourceTree = "<group>"; };
		2A1B5FB3256A4A5D00E3283D /* Meme-Ory.app */ = {isa = PBXFileReference; explicitFileType = wrapper.application; includeInIndex = 0; path = "Meme-Ory.app"; sourceTree = BUILT_PRODUCTS_DIR; };
		2A1B5FB6256A4A5D00E3283D /* Meme_OryApp.swift */ = {isa = PBXFileReference; lastKnownFileType = sourcecode.swift; path = Meme_OryApp.swift; sourceTree = "<group>"; };
		2A1B5FBA256A4A5E00E3283D /* Assets.xcassets */ = {isa = PBXFileReference; lastKnownFileType = folder.assetcatalog; path = Assets.xcassets; sourceTree = "<group>"; };
		2A1B5FBD256A4A5E00E3283D /* Preview Assets.xcassets */ = {isa = PBXFileReference; lastKnownFileType = folder.assetcatalog; path = "Preview Assets.xcassets"; sourceTree = "<group>"; };
		2A1B5FBF256A4A5E00E3283D /* StorageProvider.swift */ = {isa = PBXFileReference; lastKnownFileType = sourcecode.swift; path = StorageProvider.swift; sourceTree = "<group>"; };
		2A1B5FC4256A4A5E00E3283D /* Info.plist */ = {isa = PBXFileReference; lastKnownFileType = text.plist.xml; path = Info.plist; sourceTree = "<group>"; };
		2A1B5FCC256A4AE100E3283D /* Meme_Ory.xcdatamodel */ = {isa = PBXFileReference; lastKnownFileType = wrapper.xcdatamodel; path = Meme_Ory.xcdatamodel; sourceTree = "<group>"; };
		2A21716E257CEE3C0098681E /* StoryImporter.swift */ = {isa = PBXFileReference; lastKnownFileType = sourcecode.swift; path = StoryImporter.swift; sourceTree = "<group>"; };
		2A251B8925767960004F9218 /* ShareStoryButtons.swift */ = {isa = PBXFileReference; lastKnownFileType = sourcecode.swift; path = ShareStoryButtons.swift; sourceTree = "<group>"; };
		2A2CE5A4256C00E400FBFDB6 /* StoryText.playground */ = {isa = PBXFileReference; lastKnownFileType = file.playground; path = StoryText.playground; sourceTree = "<group>"; xcLanguageSpecificationIdentifier = xcode.lang.swift; };
		2A33A3D9257139E200538FE3 /* JSONDocument.swift */ = {isa = PBXFileReference; lastKnownFileType = sourcecode.swift; path = JSONDocument.swift; sourceTree = "<group>"; };
		2A33A3E125714DA500538FE3 /* ImportTextView.swift */ = {isa = PBXFileReference; lastKnownFileType = sourcecode.swift; path = ImportTextView.swift; sourceTree = "<group>"; };
		2A4CC9F525795269000A21C9 /* CardModifier.swift */ = {isa = PBXFileReference; lastKnownFileType = sourcecode.swift; path = CardModifier.swift; sourceTree = "<group>"; };
		2A4CC9FA25795A5E000A21C9 /* LabeledButton.swift */ = {isa = PBXFileReference; lastKnownFileType = sourcecode.swift; path = LabeledButton.swift; sourceTree = "<group>"; };
		2A4F4A9F2578ED03008536DE /* NSManagedObjectContext+Ext.swift */ = {isa = PBXFileReference; lastKnownFileType = sourcecode.swift; path = "NSManagedObjectContext+Ext.swift"; sourceTree = "<group>"; };
		2A5005F2257197B4005E969A /* ImportTextViewModel.swift */ = {isa = PBXFileReference; lastKnownFileType = sourcecode.swift; path = ImportTextViewModel.swift; sourceTree = "<group>"; };
		2A6D6BE6258608A500BBA8C7 /* MainView.swift */ = {isa = PBXFileReference; lastKnownFileType = sourcecode.swift; path = MainView.swift; sourceTree = "<group>"; };
		2A6D6BF1258608C500BBA8C7 /* MainViewModel.swift */ = {isa = PBXFileReference; lastKnownFileType = sourcecode.swift; path = MainViewModel.swift; sourceTree = "<group>"; };
		2A6D6C042586735400BBA8C7 /* MainViewModel Enums + Ext.swift */ = {isa = PBXFileReference; lastKnownFileType = sourcecode.swift; path = "MainViewModel Enums + Ext.swift"; sourceTree = "<group>"; };
		2A6D6C122586BAAD00BBA8C7 /* StoryActionButtons.swift */ = {isa = PBXFileReference; lastKnownFileType = sourcecode.swift; path = StoryActionButtons.swift; sourceTree = "<group>"; };
		2A6D6C182586DB3300BBA8C7 /* ListActionButtons.swift */ = {isa = PBXFileReference; lastKnownFileType = sourcecode.swift; path = ListActionButtons.swift; sourceTree = "<group>"; };
		2A6D6C1E2587311300BBA8C7 /* ListOptionsView.swift */ = {isa = PBXFileReference; lastKnownFileType = sourcecode.swift; path = ListOptionsView.swift; sourceTree = "<group>"; };
		2A85412A256EFED20051906B /* TagEditView.swift */ = {isa = PBXFileReference; lastKnownFileType = sourcecode.swift; path = TagEditView.swift; sourceTree = "<group>"; };
		2A8AFCC725805D7500A0DD94 /* ListOptions.swift */ = {isa = PBXFileReference; lastKnownFileType = sourcecode.swift; path = ListOptions.swift; sourceTree = "<group>"; };
		2A8AFCCC25805DEC00A0DD94 /* ListOptions Enums + Ext.swift */ = {isa = PBXFileReference; lastKnownFileType = sourcecode.swift; path = "ListOptions Enums + Ext.swift"; sourceTree = "<group>"; };
		2A8AFCE02580FCAE00A0DD94 /* Meme-OryUITests.xctest */ = {isa = PBXFileReference; explicitFileType = wrapper.cfbundle; includeInIndex = 0; path = "Meme-OryUITests.xctest"; sourceTree = BUILT_PRODUCTS_DIR; };
		2A8AFCE22580FCAE00A0DD94 /* Meme_OryUITests.swift */ = {isa = PBXFileReference; lastKnownFileType = sourcecode.swift; path = Meme_OryUITests.swift; sourceTree = "<group>"; };
		2A8AFCE42580FCAE00A0DD94 /* Info.plist */ = {isa = PBXFileReference; lastKnownFileType = text.plist.xml; path = Info.plist; sourceTree = "<group>"; };
		2A8AFCEE2580FF0800A0DD94 /* UILaunchTests.swift */ = {isa = PBXFileReference; lastKnownFileType = sourcecode.swift; path = UILaunchTests.swift; sourceTree = "<group>"; };
		2A8AFD07258118A100A0DD94 /* ParseThreeStarsSeparators.playground */ = {isa = PBXFileReference; lastKnownFileType = file.playground; path = ParseThreeStarsSeparators.playground; sourceTree = "<group>"; xcLanguageSpecificationIdentifier = xcode.lang.swift; };
		2A8AFD0D25814A8E00A0DD94 /* MaintenanceView.swift */ = {isa = PBXFileReference; lastKnownFileType = sourcecode.swift; path = MaintenanceView.swift; sourceTree = "<group>"; };
		2A8E4409256EF19A002C0DFC /* Provider.swift */ = {isa = PBXFileReference; lastKnownFileType = sourcecode.swift; path = Provider.swift; sourceTree = "<group>"; };
		2A8E4414256EF1FB002C0DFC /* WidgetEntryView.swift */ = {isa = PBXFileReference; lastKnownFileType = sourcecode.swift; path = WidgetEntryView.swift; sourceTree = "<group>"; };
		2A8E441D256EF24B002C0DFC /* Entry.swift */ = {isa = PBXFileReference; lastKnownFileType = sourcecode.swift; path = Entry.swift; sourceTree = "<group>"; };
		2A935C8B256A51AC004B6E10 /* Story.swift */ = {isa = PBXFileReference; lastKnownFileType = sourcecode.swift; path = Story.swift; sourceTree = "<group>"; };
		2A935C91256A6B0E004B6E10 /* StoryEditorView.swift */ = {isa = PBXFileReference; lastKnownFileType = sourcecode.swift; path = StoryEditorView.swift; sourceTree = "<group>"; };
		2A935C9A256A7717004B6E10 /* Tag.swift */ = {isa = PBXFileReference; lastKnownFileType = sourcecode.swift; path = Tag.swift; sourceTree = "<group>"; };
		2A935C9D256A77BE004B6E10 /* SampleData.swift */ = {isa = PBXFileReference; lastKnownFileType = sourcecode.swift; path = SampleData.swift; sourceTree = "<group>"; };
		2A935CA8256A83A0004B6E10 /* TagGridView.swift */ = {isa = PBXFileReference; lastKnownFileType = sourcecode.swift; path = TagGridView.swift; sourceTree = "<group>"; };
		2A935CAB256A98C4004B6E10 /* TagView.swift */ = {isa = PBXFileReference; lastKnownFileType = sourcecode.swift; path = TagView.swift; sourceTree = "<group>"; };
		2A935CB4256AE8C0004B6E10 /* TagGridWrapperView.swift */ = {isa = PBXFileReference; lastKnownFileType = sourcecode.swift; path = TagGridWrapperView.swift; sourceTree = "<group>"; };
		2AA89174256BE8080042395A /* SearchModifier.swift */ = {isa = PBXFileReference; lastKnownFileType = sourcecode.swift; path = SearchModifier.swift; sourceTree = "<group>"; };
		2AB03179256CD35700BEC832 /* StoryTagView.swift */ = {isa = PBXFileReference; lastKnownFileType = sourcecode.swift; path = StoryTagView.swift; sourceTree = "<group>"; };
		2ABAB1A025750EB700D9B2F1 /* ShareExtension.entitlements */ = {isa = PBXFileReference; lastKnownFileType = text.plist.entitlements; path = ShareExtension.entitlements; sourceTree = "<group>"; };
		2ABAEEAB25877ACA00D59CA2 /* ListRowActionButtons.swift */ = {isa = PBXFileReference; lastKnownFileType = sourcecode.swift; path = ListRowActionButtons.swift; sourceTree = "<group>"; };
		2ABAEEB9258798E400D59CA2 /* ConfirmAndDelete.swift */ = {isa = PBXFileReference; lastKnownFileType = sourcecode.swift; path = ConfirmAndDelete.swift; sourceTree = "<group>"; };
		2AC2F9F72588DA6700D49560 /* CloudKit.framework */ = {isa = PBXFileReference; lastKnownFileType = wrapper.framework; name = CloudKit.framework; path = System/Library/Frameworks/CloudKit.framework; sourceTree = SDKROOT; };
		2AC2FA062588E55500D49560 /* CoreData Stack & iCloud README.md */ = {isa = PBXFileReference; lastKnownFileType = net.daringfireball.markdown; path = "CoreData Stack & iCloud README.md"; sourceTree = "<group>"; };
		2ACCEE39257E08A40022B752 /* Ory.swift */ = {isa = PBXFileReference; lastKnownFileType = sourcecode.swift; path = Ory.swift; sourceTree = "<group>"; };
		2ADAD3B0256DA23A00AF463B /* Meme-OryWidgetExtension.appex */ = {isa = PBXFileReference; explicitFileType = "wrapper.app-extension"; includeInIndex = 0; path = "Meme-OryWidgetExtension.appex"; sourceTree = BUILT_PRODUCTS_DIR; };
		2ADAD3B2256DA23A00AF463B /* WidgetKit.framework */ = {isa = PBXFileReference; lastKnownFileType = wrapper.framework; name = WidgetKit.framework; path = System/Library/Frameworks/WidgetKit.framework; sourceTree = SDKROOT; };
		2ADAD3B4256DA23A00AF463B /* SwiftUI.framework */ = {isa = PBXFileReference; lastKnownFileType = wrapper.framework; name = SwiftUI.framework; path = System/Library/Frameworks/SwiftUI.framework; sourceTree = SDKROOT; };
		2ADAD3B7256DA23A00AF463B /* Meme_OryWidget.swift */ = {isa = PBXFileReference; lastKnownFileType = sourcecode.swift; path = Meme_OryWidget.swift; sourceTree = "<group>"; };
		2ADAD3B9256DA23B00AF463B /* Assets.xcassets */ = {isa = PBXFileReference; lastKnownFileType = folder.assetcatalog; path = Assets.xcassets; sourceTree = "<group>"; };
		2ADAD3BB256DA23B00AF463B /* Info.plist */ = {isa = PBXFileReference; lastKnownFileType = text.plist.xml; path = Info.plist; sourceTree = "<group>"; };
		2ADAD3E3256DB9A000AF463B /* Meme-OryWidgetExtension.entitlements */ = {isa = PBXFileReference; lastKnownFileType = text.plist.entitlements; path = "Meme-OryWidgetExtension.entitlements"; sourceTree = "<group>"; };
		2ADAD3E6256DB9B600AF463B /* Meme-Ory.entitlements */ = {isa = PBXFileReference; lastKnownFileType = text.plist.entitlements; path = "Meme-Ory.entitlements"; sourceTree = "<group>"; };
		2ADAD3F5256E4B5F00AF463B /* URL+Extension.swift */ = {isa = PBXFileReference; lastKnownFileType = sourcecode.swift; path = "URL+Extension.swift"; sourceTree = "<group>"; };
		2AEEF8FD25700061008D1B31 /* Calendar.Component+Ext.swift */ = {isa = PBXFileReference; lastKnownFileType = sourcecode.swift; path = "Calendar.Component+Ext.swift"; sourceTree = "<group>"; };
		2AEEF9012570007F008D1B31 /* EKEventStore+Ext.swift */ = {isa = PBXFileReference; lastKnownFileType = sourcecode.swift; path = "EKEventStore+Ext.swift"; sourceTree = "<group>"; };
		2AEEF90525702EBF008D1B31 /* EventStore.swift */ = {isa = PBXFileReference; lastKnownFileType = sourcecode.swift; path = EventStore.swift; sourceTree = "<group>"; };
		2AFD320E25841DCC00334A92 /* View+Ext.swift */ = {isa = PBXFileReference; lastKnownFileType = sourcecode.swift; path = "View+Ext.swift"; sourceTree = "<group>"; };
		2AFD326C2584F4EF00334A92 /* StoryImportTester.swift */ = {isa = PBXFileReference; lastKnownFileType = sourcecode.swift; path = StoryImportTester.swift; sourceTree = "<group>"; };
		2AFE9E3E257246270037E8CF /* ErrorSheet.swift */ = {isa = PBXFileReference; lastKnownFileType = sourcecode.swift; path = ErrorSheet.swift; sourceTree = "<group>"; };
		2AFE9E512572F66A0037E8CF /* StoryEditorViewModel.swift */ = {isa = PBXFileReference; lastKnownFileType = sourcecode.swift; path = StoryEditorViewModel.swift; sourceTree = "<group>"; };
		2AFE9E5B2573B00D0037E8CF /* ContentView.swift */ = {isa = PBXFileReference; lastKnownFileType = sourcecode.swift; path = ContentView.swift; sourceTree = "<group>"; };
		2AFE9E6925744F480037E8CF /* ShareExtension.appex */ = {isa = PBXFileReference; explicitFileType = "wrapper.app-extension"; includeInIndex = 0; path = ShareExtension.appex; sourceTree = BUILT_PRODUCTS_DIR; };
		2AFE9E6B25744F480037E8CF /* Media.xcassets */ = {isa = PBXFileReference; lastKnownFileType = folder.assetcatalog; path = Media.xcassets; sourceTree = "<group>"; };
		2AFE9E6D25744F480037E8CF /* ActionViewController.swift */ = {isa = PBXFileReference; lastKnownFileType = sourcecode.swift; path = ActionViewController.swift; sourceTree = "<group>"; };
		2AFE9E7225744F480037E8CF /* Info.plist */ = {isa = PBXFileReference; lastKnownFileType = text.plist.xml; path = Info.plist; sourceTree = "<group>"; };
		2AFE9E7F257458430037E8CF /* MainInterface.storyboard */ = {isa = PBXFileReference; fileEncoding = 4; lastKnownFileType = file.storyboard; path = MainInterface.storyboard; sourceTree = "<group>"; };
/* End PBXFileReference section */

/* Begin PBXFrameworksBuildPhase section */
		2A1B5FB0256A4A5D00E3283D /* Frameworks */ = {
			isa = PBXFrameworksBuildPhase;
			buildActionMask = 2147483647;
			files = (
				2AC2F9F82588DA6700D49560 /* CloudKit.framework in Frameworks */,
			);
			runOnlyForDeploymentPostprocessing = 0;
		};
		2A8AFCDD2580FCAE00A0DD94 /* Frameworks */ = {
			isa = PBXFrameworksBuildPhase;
			buildActionMask = 2147483647;
			files = (
			);
			runOnlyForDeploymentPostprocessing = 0;
		};
		2ADAD3AD256DA23A00AF463B /* Frameworks */ = {
			isa = PBXFrameworksBuildPhase;
			buildActionMask = 2147483647;
			files = (
				2AC2F9F92588DD9E00D49560 /* CloudKit.framework in Frameworks */,
				2ADAD3B5256DA23A00AF463B /* SwiftUI.framework in Frameworks */,
				2ADAD3B3256DA23A00AF463B /* WidgetKit.framework in Frameworks */,
			);
			runOnlyForDeploymentPostprocessing = 0;
		};
		2AFE9E6625744F480037E8CF /* Frameworks */ = {
			isa = PBXFrameworksBuildPhase;
			buildActionMask = 2147483647;
			files = (
			);
			runOnlyForDeploymentPostprocessing = 0;
		};
/* End PBXFrameworksBuildPhase section */

/* Begin PBXGroup section */
		2A1943EA2587705200E81C73 /* List Options */ = {
			isa = PBXGroup;
			children = (
				2A6D6C1E2587311300BBA8C7 /* ListOptionsView.swift */,
				2A8AFCC725805D7500A0DD94 /* ListOptions.swift */,
				2A8AFCCC25805DEC00A0DD94 /* ListOptions Enums + Ext.swift */,
			);
			path = "List Options";
			sourceTree = "<group>";
		};
		2A1943F7258770A200E81C73 /* Main Model */ = {
			isa = PBXGroup;
			children = (
				2A6D6BF1258608C500BBA8C7 /* MainViewModel.swift */,
				2A6D6C042586735400BBA8C7 /* MainViewModel Enums + Ext.swift */,
			);
			path = "Main Model";
			sourceTree = "<group>";
		};
		2A194400258770D800E81C73 /* Single Story */ = {
			isa = PBXGroup;
			children = (
				2A1943C42587506B00E81C73 /* SingleStoryView.swift */,
				2A6D6C122586BAAD00BBA8C7 /* StoryActionButtons.swift */,
			);
			path = "Single Story";
			sourceTree = "<group>";
		};
		2A194405258770E700E81C73 /* Story List */ = {
			isa = PBXGroup;
			children = (
				2A1943D02587527F00E81C73 /* StoryListView.swift */,
				2A6D6C182586DB3300BBA8C7 /* ListActionButtons.swift */,
			);
			path = "Story List";
			sourceTree = "<group>";
		};
		2A1944142587719100E81C73 /* Maintenance Model */ = {
			isa = PBXGroup;
			children = (
				2A19442F2587723300E81C73 /* MaintenanceViewModel.swift */,
				2A19440E2587717200E81C73 /* Text and Timestamp Duplicate.swift */,
				2A19444B2587749500E81C73 /* ListKind.swift */,
			);
			path = "Maintenance Model";
			sourceTree = "<group>";
		};
		2A1B5FAA256A4A5D00E3283D = {
			isa = PBXGroup;
			children = (
				2ADAD3E3256DB9A000AF463B /* Meme-OryWidgetExtension.entitlements */,
				2A1B5FB5256A4A5D00E3283D /* Meme-Ory */,
				2A2CE5A3256C00E400FBFDB6 /* Playgrounds */,
				2ADAD3B6256DA23A00AF463B /* Meme-OryWidget */,
				2AFE9E6A25744F480037E8CF /* ShareExtension */,
				2A8AFCE12580FCAE00A0DD94 /* Meme-OryUITests */,
				2ADAD3B1256DA23A00AF463B /* Frameworks */,
				2A1B5FB4256A4A5D00E3283D /* Products */,
			);
			sourceTree = "<group>";
		};
		2A1B5FB4256A4A5D00E3283D /* Products */ = {
			isa = PBXGroup;
			children = (
				2A1B5FB3256A4A5D00E3283D /* Meme-Ory.app */,
				2ADAD3B0256DA23A00AF463B /* Meme-OryWidgetExtension.appex */,
				2AFE9E6925744F480037E8CF /* ShareExtension.appex */,
				2A8AFCE02580FCAE00A0DD94 /* Meme-OryUITests.xctest */,
			);
			name = Products;
			sourceTree = "<group>";
		};
		2A1B5FB5256A4A5D00E3283D /* Meme-Ory */ = {
			isa = PBXGroup;
			children = (
				2ADAD3E6256DB9B600AF463B /* Meme-Ory.entitlements */,
				2A1B5FB6256A4A5D00E3283D /* Meme_OryApp.swift */,
				2AFE9E5B2573B00D0037E8CF /* ContentView.swift */,
				2ABAEEC32587A9B000D59CA2 /* TESTING */,
				2A6D6BEC258608AC00BBA8C7 /* Main View */,
				2A194400258770D800E81C73 /* Single Story */,
				2A194405258770E700E81C73 /* Story List */,
				2ABAEEA625877A9000D59CA2 /* Story List Row */,
				2A1943F7258770A200E81C73 /* Main Model */,
				2A1943EA2587705200E81C73 /* List Options */,
				2A8AFD0C25814A3600A0DD94 /* Maintenance */,
				2A1944142587719100E81C73 /* Maintenance Model */,
				2AC0845C257648A900AFAE1C /* Story Editor */,
				2A935CBD256AF5EE004B6E10 /* Search */,
				2A935CC2256AF61C004B6E10 /* Tag Views */,
				2A5005ED2571965A005E969A /* Story Import */,
				2AC084552576481F00AFAE1C /* Supporting Views */,
				2ADAD3F9256E4B6500AF463B /* Extensions */,
				2A1B5FBA256A4A5E00E3283D /* Assets.xcassets */,
				2A935CBB256AF5CD004B6E10 /* Model */,
				2A1B5FD0256A4B1800E3283D /* Core Data Stack */,
				2A1B5FCF256A4AF200E3283D /* Core Data Model */,
				2A935CA0256A77D6004B6E10 /* Data */,
				2A1B5FC4256A4A5E00E3283D /* Info.plist */,
				2A1B5FBC256A4A5E00E3283D /* Preview Content */,
			);
			path = "Meme-Ory";
			sourceTree = "<group>";
		};
		2A1B5FBC256A4A5E00E3283D /* Preview Content */ = {
			isa = PBXGroup;
			children = (
				2A1B5FBD256A4A5E00E3283D /* Preview Assets.xcassets */,
			);
			path = "Preview Content";
			sourceTree = "<group>";
		};
		2A1B5FCF256A4AF200E3283D /* Core Data Model */ = {
			isa = PBXGroup;
			children = (
				2A1B5FCB256A4AE100E3283D /* Meme_Ory.xcdatamodeld */,
				2A935C8B256A51AC004B6E10 /* Story.swift */,
				2A935C9A256A7717004B6E10 /* Tag.swift */,
			);
			path = "Core Data Model";
			sourceTree = "<group>";
		};
		2A1B5FD0256A4B1800E3283D /* Core Data Stack */ = {
			isa = PBXGroup;
			children = (
				2A1B5FBF256A4A5E00E3283D /* StorageProvider.swift */,
				2AC2FA062588E55500D49560 /* CoreData Stack & iCloud README.md */,
			);
			path = "Core Data Stack";
			sourceTree = "<group>";
		};
		2A2CE5A3256C00E400FBFDB6 /* Playgrounds */ = {
			isa = PBXGroup;
			children = (
				2A2CE5A4256C00E400FBFDB6 /* StoryText.playground */,
				2A8AFD07258118A100A0DD94 /* ParseThreeStarsSeparators.playground */,
			);
			path = Playgrounds;
			sourceTree = "<group>";
		};
		2A5005ED2571965A005E969A /* Story Import */ = {
			isa = PBXGroup;
			children = (
				2A21716E257CEE3C0098681E /* StoryImporter.swift */,
				2AFD326C2584F4EF00334A92 /* StoryImportTester.swift */,
				2A33A3E125714DA500538FE3 /* ImportTextView.swift */,
				2A5005F2257197B4005E969A /* ImportTextViewModel.swift */,
			);
			path = "Story Import";
			sourceTree = "<group>";
		};
		2A6D6BEC258608AC00BBA8C7 /* Main View */ = {
			isa = PBXGroup;
			children = (
				2A6D6BE6258608A500BBA8C7 /* MainView.swift */,
				2A1943D6258763D700E81C73 /* MainViewActionButtons.swift */,
			);
			path = "Main View";
			sourceTree = "<group>";
		};
		2A8AFCE12580FCAE00A0DD94 /* Meme-OryUITests */ = {
			isa = PBXGroup;
			children = (
				2A8AFCE22580FCAE00A0DD94 /* Meme_OryUITests.swift */,
				2A8AFCEE2580FF0800A0DD94 /* UILaunchTests.swift */,
				2A8AFCE42580FCAE00A0DD94 /* Info.plist */,
			);
			path = "Meme-OryUITests";
			sourceTree = "<group>";
		};
		2A8AFD0C25814A3600A0DD94 /* Maintenance */ = {
			isa = PBXGroup;
			children = (
				2A8AFD0D25814A8E00A0DD94 /* MaintenanceView.swift */,
				2A194419258771AF00E81C73 /* StoryTextPicker.swift */,
				2A194423258771C100E81C73 /* TimestampPicker.swift */,
				2A1944392587737B00E81C73 /* StoryListSimpleView.swift */,
				2A19443F2587740400E81C73 /* StoryListRowSimpleView.swift */,
				2A1944452587743900E81C73 /* StorySimpleView.swift */,
			);
			path = Maintenance;
			sourceTree = "<group>";
		};
		2A935CA0256A77D6004B6E10 /* Data */ = {
			isa = PBXGroup;
			children = (
				2A935C9D256A77BE004B6E10 /* SampleData.swift */,
			);
			path = Data;
			sourceTree = "<group>";
		};
		2A935CBB256AF5CD004B6E10 /* Model */ = {
			isa = PBXGroup;
			children = (
				2ACCEE39257E08A40022B752 /* Ory.swift */,
				2A1164A6257102BF000AD487 /* Brief.swift */,
				2AEEF90525702EBF008D1B31 /* EventStore.swift */,
				2A33A3D9257139E200538FE3 /* JSONDocument.swift */,
			);
			path = Model;
			sourceTree = "<group>";
		};
		2A935CBD256AF5EE004B6E10 /* Search */ = {
			isa = PBXGroup;
			children = (
				2AA89174256BE8080042395A /* SearchModifier.swift */,
			);
			path = Search;
			sourceTree = "<group>";
		};
		2A935CC2256AF61C004B6E10 /* Tag Views */ = {
			isa = PBXGroup;
			children = (
				2A935CB4256AE8C0004B6E10 /* TagGridWrapperView.swift */,
				2A935CA8256A83A0004B6E10 /* TagGridView.swift */,
				2A935CAB256A98C4004B6E10 /* TagView.swift */,
				2A85412A256EFED20051906B /* TagEditView.swift */,
			);
			path = "Tag Views";
			sourceTree = "<group>";
		};
		2ABAEEA625877A9000D59CA2 /* Story List Row */ = {
			isa = PBXGroup;
			children = (
				2A1943CA258751CB00E81C73 /* StoryListRowView.swift */,
				2ABAEEAB25877ACA00D59CA2 /* ListRowActionButtons.swift */,
			);
			path = "Story List Row";
			sourceTree = "<group>";
		};
		2ABAEEC32587A9B000D59CA2 /* TESTING */ = {
			isa = PBXGroup;
			children = (
				2ABAEEB9258798E400D59CA2 /* ConfirmAndDelete.swift */,
			);
			path = TESTING;
			sourceTree = "<group>";
		};
		2AC084552576481F00AFAE1C /* Supporting Views */ = {
			isa = PBXGroup;
			children = (
				2AFE9E3E257246270037E8CF /* ErrorSheet.swift */,
				2A4CC9FA25795A5E000A21C9 /* LabeledButton.swift */,
				2A4CC9F525795269000A21C9 /* CardModifier.swift */,
			);
			path = "Supporting Views";
			sourceTree = "<group>";
		};
		2AC0845C257648A900AFAE1C /* Story Editor */ = {
			isa = PBXGroup;
			children = (
				2A935C91256A6B0E004B6E10 /* StoryEditorView.swift */,
				2A251B8925767960004F9218 /* ShareStoryButtons.swift */,
				2AFE9E512572F66A0037E8CF /* StoryEditorViewModel.swift */,
				2AB03179256CD35700BEC832 /* StoryTagView.swift */,
			);
			path = "Story Editor";
			sourceTree = "<group>";
		};
		2ADAD3B1256DA23A00AF463B /* Frameworks */ = {
			isa = PBXGroup;
			children = (
				2AC2F9F72588DA6700D49560 /* CloudKit.framework */,
				2ADAD3B2256DA23A00AF463B /* WidgetKit.framework */,
				2ADAD3B4256DA23A00AF463B /* SwiftUI.framework */,
			);
			name = Frameworks;
			sourceTree = "<group>";
		};
		2ADAD3B6256DA23A00AF463B /* Meme-OryWidget */ = {
			isa = PBXGroup;
			children = (
				2ADAD3B7256DA23A00AF463B /* Meme_OryWidget.swift */,
				2A8E4414256EF1FB002C0DFC /* WidgetEntryView.swift */,
				2A8E4409256EF19A002C0DFC /* Provider.swift */,
				2A8E441D256EF24B002C0DFC /* Entry.swift */,
				2ADAD3B9256DA23B00AF463B /* Assets.xcassets */,
				2ADAD3BB256DA23B00AF463B /* Info.plist */,
			);
			path = "Meme-OryWidget";
			sourceTree = "<group>";
		};
		2ADAD3F9256E4B6500AF463B /* Extensions */ = {
			isa = PBXGroup;
			children = (
				2AEEF8FD25700061008D1B31 /* Calendar.Component+Ext.swift */,
				2AEEF9012570007F008D1B31 /* EKEventStore+Ext.swift */,
				2A4F4A9F2578ED03008536DE /* NSManagedObjectContext+Ext.swift */,
				2A1A4C422587EBEB008A84A2 /* NSManagedObjectContext+Get.swift */,
				2A1A4C3C2587EB43008A84A2 /* NSManagedObjectContext+Publishers.swift */,
				2A1A4C482587EC6C008A84A2 /* NSManagedObjectContext+Random.swift */,
				2A16CDF42574F0E400146F3E /* NSPredicate+Ext.swift */,
				2A1A4C2C2587EA36008A84A2 /* Sequence+Ext.swift */,
				2A167B99258316D3007A986B /* String+Ext.swift */,
				2ADAD3F5256E4B5F00AF463B /* URL+Extension.swift */,
				2AFD320E25841DCC00334A92 /* View+Ext.swift */,
			);
			path = Extensions;
			sourceTree = "<group>";
		};
		2AFE9E6A25744F480037E8CF /* ShareExtension */ = {
			isa = PBXGroup;
			children = (
				2ABAB1A025750EB700D9B2F1 /* ShareExtension.entitlements */,
				2AFE9E6B25744F480037E8CF /* Media.xcassets */,
				2AFE9E6D25744F480037E8CF /* ActionViewController.swift */,
				2A055C832577EF2F00221367 /* MyJavaScriptFile.js */,
				2AFE9E7F257458430037E8CF /* MainInterface.storyboard */,
				2AFE9E7225744F480037E8CF /* Info.plist */,
			);
			path = ShareExtension;
			sourceTree = "<group>";
		};
/* End PBXGroup section */

/* Begin PBXNativeTarget section */
		2A1B5FB2256A4A5D00E3283D /* Meme-Ory */ = {
			isa = PBXNativeTarget;
			buildConfigurationList = 2A1B5FC7256A4A5E00E3283D /* Build configuration list for PBXNativeTarget "Meme-Ory" */;
			buildPhases = (
				2A1B5FAF256A4A5D00E3283D /* Sources */,
				2A1B5FB0256A4A5D00E3283D /* Frameworks */,
				2A1B5FB1256A4A5D00E3283D /* Resources */,
				2ADAD3C2256DA23B00AF463B /* Embed App Extensions */,
			);
			buildRules = (
			);
			dependencies = (
				2ADAD3BD256DA23B00AF463B /* PBXTargetDependency */,
				2AFE9E7425744F480037E8CF /* PBXTargetDependency */,
			);
			name = "Meme-Ory";
			productName = "Meme-Ory";
			productReference = 2A1B5FB3256A4A5D00E3283D /* Meme-Ory.app */;
			productType = "com.apple.product-type.application";
		};
		2A8AFCDF2580FCAE00A0DD94 /* Meme-OryUITests */ = {
			isa = PBXNativeTarget;
			buildConfigurationList = 2A8AFCE72580FCAE00A0DD94 /* Build configuration list for PBXNativeTarget "Meme-OryUITests" */;
			buildPhases = (
				2A8AFCDC2580FCAE00A0DD94 /* Sources */,
				2A8AFCDD2580FCAE00A0DD94 /* Frameworks */,
				2A8AFCDE2580FCAE00A0DD94 /* Resources */,
			);
			buildRules = (
			);
			dependencies = (
				2A8AFCE62580FCAE00A0DD94 /* PBXTargetDependency */,
			);
			name = "Meme-OryUITests";
			productName = "Meme-OryUITests";
			productReference = 2A8AFCE02580FCAE00A0DD94 /* Meme-OryUITests.xctest */;
			productType = "com.apple.product-type.bundle.ui-testing";
		};
		2ADAD3AF256DA23A00AF463B /* Meme-OryWidgetExtension */ = {
			isa = PBXNativeTarget;
			buildConfigurationList = 2ADAD3BF256DA23B00AF463B /* Build configuration list for PBXNativeTarget "Meme-OryWidgetExtension" */;
			buildPhases = (
				2ADAD3AC256DA23A00AF463B /* Sources */,
				2ADAD3AD256DA23A00AF463B /* Frameworks */,
				2ADAD3AE256DA23A00AF463B /* Resources */,
			);
			buildRules = (
			);
			dependencies = (
			);
			name = "Meme-OryWidgetExtension";
			productName = "Meme-OryWidgetExtension";
			productReference = 2ADAD3B0256DA23A00AF463B /* Meme-OryWidgetExtension.appex */;
			productType = "com.apple.product-type.app-extension";
		};
		2AFE9E6825744F480037E8CF /* ShareExtension */ = {
			isa = PBXNativeTarget;
			buildConfigurationList = 2AFE9E7625744F480037E8CF /* Build configuration list for PBXNativeTarget "ShareExtension" */;
			buildPhases = (
				2AFE9E6525744F480037E8CF /* Sources */,
				2AFE9E6625744F480037E8CF /* Frameworks */,
				2AFE9E6725744F480037E8CF /* Resources */,
			);
			buildRules = (
			);
			dependencies = (
			);
			name = ShareExtension;
			productName = ShareExtension;
			productReference = 2AFE9E6925744F480037E8CF /* ShareExtension.appex */;
			productType = "com.apple.product-type.app-extension";
		};
/* End PBXNativeTarget section */

/* Begin PBXProject section */
		2A1B5FAB256A4A5D00E3283D /* Project object */ = {
			isa = PBXProject;
			attributes = {
				LastSwiftUpdateCheck = 1230;
				LastUpgradeCheck = 1220;
				TargetAttributes = {
					2A1B5FB2256A4A5D00E3283D = {
						CreatedOnToolsVersion = 12.2;
					};
					2A8AFCDF2580FCAE00A0DD94 = {
						CreatedOnToolsVersion = 12.3;
						TestTargetID = 2A1B5FB2256A4A5D00E3283D;
					};
					2ADAD3AF256DA23A00AF463B = {
						CreatedOnToolsVersion = 12.2;
					};
					2AFE9E6825744F480037E8CF = {
						CreatedOnToolsVersion = 12.2;
					};
				};
			};
			buildConfigurationList = 2A1B5FAE256A4A5D00E3283D /* Build configuration list for PBXProject "Meme-Ory" */;
			compatibilityVersion = "Xcode 9.3";
			developmentRegion = en;
			hasScannedForEncodings = 0;
			knownRegions = (
				en,
				Base,
			);
			mainGroup = 2A1B5FAA256A4A5D00E3283D;
			productRefGroup = 2A1B5FB4256A4A5D00E3283D /* Products */;
			projectDirPath = "";
			projectRoot = "";
			targets = (
				2A1B5FB2256A4A5D00E3283D /* Meme-Ory */,
				2ADAD3AF256DA23A00AF463B /* Meme-OryWidgetExtension */,
				2AFE9E6825744F480037E8CF /* ShareExtension */,
				2A8AFCDF2580FCAE00A0DD94 /* Meme-OryUITests */,
			);
		};
/* End PBXProject section */

/* Begin PBXResourcesBuildPhase section */
		2A1B5FB1256A4A5D00E3283D /* Resources */ = {
			isa = PBXResourcesBuildPhase;
			buildActionMask = 2147483647;
			files = (
				2A1B5FBE256A4A5E00E3283D /* Preview Assets.xcassets in Resources */,
				2A1B5FBB256A4A5E00E3283D /* Assets.xcassets in Resources */,
			);
			runOnlyForDeploymentPostprocessing = 0;
		};
		2A8AFCDE2580FCAE00A0DD94 /* Resources */ = {
			isa = PBXResourcesBuildPhase;
			buildActionMask = 2147483647;
			files = (
			);
			runOnlyForDeploymentPostprocessing = 0;
		};
		2ADAD3AE256DA23A00AF463B /* Resources */ = {
			isa = PBXResourcesBuildPhase;
			buildActionMask = 2147483647;
			files = (
				2ABAB1962575010400D9B2F1 /* Assets.xcassets in Resources */,
				2ADAD3BA256DA23B00AF463B /* Assets.xcassets in Resources */,
			);
			runOnlyForDeploymentPostprocessing = 0;
		};
		2AFE9E6725744F480037E8CF /* Resources */ = {
			isa = PBXResourcesBuildPhase;
			buildActionMask = 2147483647;
			files = (
				2AFE9E6C25744F480037E8CF /* Media.xcassets in Resources */,
				2ABAB1922575010300D9B2F1 /* Assets.xcassets in Resources */,
				2A055C842577EF2F00221367 /* MyJavaScriptFile.js in Resources */,
				2AFE9E80257458430037E8CF /* MainInterface.storyboard in Resources */,
			);
			runOnlyForDeploymentPostprocessing = 0;
		};
/* End PBXResourcesBuildPhase section */

/* Begin PBXSourcesBuildPhase section */
		2A1B5FAF256A4A5D00E3283D /* Sources */ = {
			isa = PBXSourcesBuildPhase;
			buildActionMask = 2147483647;
			files = (
				2AFD320F25841DCC00334A92 /* View+Ext.swift in Sources */,
				2A1943CB258751CB00E81C73 /* StoryListRowView.swift in Sources */,
				2A19444C2587749500E81C73 /* ListKind.swift in Sources */,
				2A1A4C3D2587EB43008A84A2 /* NSManagedObjectContext+Publishers.swift in Sources */,
				2A33A3E225714DA500538FE3 /* ImportTextView.swift in Sources */,
				2A1A4C2D2587EA36008A84A2 /* Sequence+Ext.swift in Sources */,
				2AFE9E5C2573B00D0037E8CF /* ContentView.swift in Sources */,
				2AEEF8FE25700061008D1B31 /* Calendar.Component+Ext.swift in Sources */,
				2A1943C52587506B00E81C73 /* SingleStoryView.swift in Sources */,
				2A8AFCC825805D7500A0DD94 /* ListOptions.swift in Sources */,
				2AEEF90625702EBF008D1B31 /* EventStore.swift in Sources */,
				2A1944302587723300E81C73 /* MaintenanceViewModel.swift in Sources */,
				2A935CB5256AE8C0004B6E10 /* TagGridWrapperView.swift in Sources */,
				2A1B5FCD256A4AE100E3283D /* Meme_Ory.xcdatamodeld in Sources */,
				2A8AFD0E25814A8E00A0DD94 /* MaintenanceView.swift in Sources */,
				2A1944462587743900E81C73 /* StorySimpleView.swift in Sources */,
				2A935C9B256A7717004B6E10 /* Tag.swift in Sources */,
				2AA89175256BE8080042395A /* SearchModifier.swift in Sources */,
				2A6A3112257163CC007F2C0D /* Brief.swift in Sources */,
				2A6D6BF2258608C500BBA8C7 /* MainViewModel.swift in Sources */,
				2ABAEEBA258798E400D59CA2 /* ConfirmAndDelete.swift in Sources */,
				2A21716F257CEE3C0098681E /* StoryImporter.swift in Sources */,
				2A6D6C052586735400BBA8C7 /* MainViewModel Enums + Ext.swift in Sources */,
				2A4CC9F625795269000A21C9 /* CardModifier.swift in Sources */,
				2A6D6C192586DB3300BBA8C7 /* ListActionButtons.swift in Sources */,
				2AC2F9E02588C23B00D49560 /* StorageProvider.swift in Sources */,
				2A19440F2587717200E81C73 /* Text and Timestamp Duplicate.swift in Sources */,
				2A4F4AA02578ED03008536DE /* NSManagedObjectContext+Ext.swift in Sources */,
				2A6D6C1F2587311300BBA8C7 /* ListOptionsView.swift in Sources */,
				2AEEF9022570007F008D1B31 /* EKEventStore+Ext.swift in Sources */,
				2A1944402587740400E81C73 /* StoryListRowSimpleView.swift in Sources */,
				2A251B8A25767960004F9218 /* ShareStoryButtons.swift in Sources */,
				2A85412B256EFED20051906B /* TagEditView.swift in Sources */,
				2A194424258771C100E81C73 /* TimestampPicker.swift in Sources */,
				2A935C92256A6B0E004B6E10 /* StoryEditorView.swift in Sources */,
				2AFE9E3F257246270037E8CF /* ErrorSheet.swift in Sources */,
				2AB0317A256CD35700BEC832 /* StoryTagView.swift in Sources */,
				2A1943D7258763D700E81C73 /* MainViewActionButtons.swift in Sources */,
				2A1A4C432587EBEB008A84A2 /* NSManagedObjectContext+Get.swift in Sources */,
				2A5005F3257197B4005E969A /* ImportTextViewModel.swift in Sources */,
				2A16CDF52574F0E400146F3E /* NSPredicate+Ext.swift in Sources */,
				2A6D6C132586BAAD00BBA8C7 /* StoryActionButtons.swift in Sources */,
				2AFD326D2584F4EF00334A92 /* StoryImportTester.swift in Sources */,
				2ADAD3F6256E4B5F00AF463B /* URL+Extension.swift in Sources */,
				2A935CA9256A83A0004B6E10 /* TagGridView.swift in Sources */,
				2A6D6BE7258608A500BBA8C7 /* MainView.swift in Sources */,
				2A935C9E256A77BE004B6E10 /* SampleData.swift in Sources */,
				2A19443A2587737B00E81C73 /* StoryListSimpleView.swift in Sources */,
				2A935CAC256A98C4004B6E10 /* TagView.swift in Sources */,
				2A1A4C492587EC6C008A84A2 /* NSManagedObjectContext+Random.swift in Sources */,
				2A167B9A258316D3007A986B /* String+Ext.swift in Sources */,
				2A33A3DA257139E200538FE3 /* JSONDocument.swift in Sources */,
				2A1B5FB7256A4A5D00E3283D /* Meme_OryApp.swift in Sources */,
				2A4CC9FB25795A5E000A21C9 /* LabeledButton.swift in Sources */,
				2A19441A258771AF00E81C73 /* StoryTextPicker.swift in Sources */,
				2ACCEE3A257E08A40022B752 /* Ory.swift in Sources */,
				2A8AFCCD25805DEC00A0DD94 /* ListOptions Enums + Ext.swift in Sources */,
				2ABAEEAC25877ACA00D59CA2 /* ListRowActionButtons.swift in Sources */,
				2A935C8C256A51AC004B6E10 /* Story.swift in Sources */,
				2A1943D12587527F00E81C73 /* StoryListView.swift in Sources */,
				2AFE9E522572F66A0037E8CF /* StoryEditorViewModel.swift in Sources */,
			);
			runOnlyForDeploymentPostprocessing = 0;
		};
		2A8AFCDC2580FCAE00A0DD94 /* Sources */ = {
			isa = PBXSourcesBuildPhase;
			buildActionMask = 2147483647;
			files = (
				2A8AFCEF2580FF0800A0DD94 /* UILaunchTests.swift in Sources */,
				2A8AFCE32580FCAE00A0DD94 /* Meme_OryUITests.swift in Sources */,
			);
			runOnlyForDeploymentPostprocessing = 0;
		};
		2ADAD3AC256DA23A00AF463B /* Sources */ = {
			isa = PBXSourcesBuildPhase;
			buildActionMask = 2147483647;
			files = (
				2A16CDFD2574F0F100146F3E /* NSPredicate+Ext.swift in Sources */,
				2A8E4423256EF256002C0DFC /* Entry.swift in Sources */,
				2ADAD3D1256DA5E700AF463B /* Tag.swift in Sources */,
				2ACCEE5F257E15760022B752 /* Ory.swift in Sources */,
				2A031FFF257E4BDD009AF197 /* Calendar.Component+Ext.swift in Sources */,
				2ACCEE50257E13740022B752 /* EventStore.swift in Sources */,
				2A1A4C532587EC97008A84A2 /* NSManagedObjectContext+Random.swift in Sources */,
				2ADAD3B8256DA23A00AF463B /* Meme_OryWidget.swift in Sources */,
				2ADAD3CB256DA5E000AF463B /* Meme_Ory.xcdatamodeld in Sources */,
				2ADAD409256E4FE800AF463B /* URL+Extension.swift in Sources */,
				2A1A4C372587EA62008A84A2 /* Sequence+Ext.swift in Sources */,
				2ADAD3CE256DA5E300AF463B /* Story.swift in Sources */,
				2A03200E257E6B61009AF197 /* NSManagedObjectContext+Ext.swift in Sources */,
				2A8E440F256EF1C8002C0DFC /* Provider.swift in Sources */,
				2AC2F9E12588C23B00D49560 /* StorageProvider.swift in Sources */,
				2ACCEE58257E13790022B752 /* EKEventStore+Ext.swift in Sources */,
				2A64D42D257164B900C1817F /* Brief.swift in Sources */,
				2ADAD3DE256DA67500AF463B /* SampleData.swift in Sources */,
				2A29E7012589598600F2719B /* String+Ext.swift in Sources */,
				2A8E4418256EF228002C0DFC /* WidgetEntryView.swift in Sources */,
			);
			runOnlyForDeploymentPostprocessing = 0;
		};
		2AFE9E6525744F480037E8CF /* Sources */ = {
			isa = PBXSourcesBuildPhase;
			buildActionMask = 2147483647;
			files = (
				2A16CDE82574EFF000146F3E /* Meme_Ory.xcdatamodeld in Sources */,
				2ACCEE41257E10AE0022B752 /* Ory.swift in Sources */,
				2AC2F9E22588C23C00D49560 /* StorageProvider.swift in Sources */,
				2A1A4C4E2587EC94008A84A2 /* NSManagedObjectContext+Random.swift in Sources */,
				2A8AFCF4258100B800A0DD94 /* NSManagedObjectContext+Ext.swift in Sources */,
				2ACCEE49257E12AF0022B752 /* EventStore.swift in Sources */,
				2A16CDE32574EFEC00146F3E /* Tag.swift in Sources */,
				2A16CDF92574F0F000146F3E /* NSPredicate+Ext.swift in Sources */,
				2ACCEE54257E13790022B752 /* EKEventStore+Ext.swift in Sources */,
				2A16CE102574F12B00146F3E /* URL+Extension.swift in Sources */,
				2A031FF8257E4BD8009AF197 /* Calendar.Component+Ext.swift in Sources */,
				2AFE9E6E25744F480037E8CF /* ActionViewController.swift in Sources */,
				2A16CDEC2574F09C00146F3E /* Brief.swift in Sources */,
				2A16CDE42574EFEC00146F3E /* Story.swift in Sources */,
				2A1A4C322587EA61008A84A2 /* Sequence+Ext.swift in Sources */,
				2AA540372587E91C00A5FBED /* String+Ext.swift in Sources */,
				2A16CDF02574F0A300146F3E /* SampleData.swift in Sources */,
			);
			runOnlyForDeploymentPostprocessing = 0;
		};
/* End PBXSourcesBuildPhase section */

/* Begin PBXTargetDependency section */
		2A8AFCE62580FCAE00A0DD94 /* PBXTargetDependency */ = {
			isa = PBXTargetDependency;
			target = 2A1B5FB2256A4A5D00E3283D /* Meme-Ory */;
			targetProxy = 2A8AFCE52580FCAE00A0DD94 /* PBXContainerItemProxy */;
		};
		2ADAD3BD256DA23B00AF463B /* PBXTargetDependency */ = {
			isa = PBXTargetDependency;
			target = 2ADAD3AF256DA23A00AF463B /* Meme-OryWidgetExtension */;
			targetProxy = 2ADAD3BC256DA23B00AF463B /* PBXContainerItemProxy */;
		};
		2AFE9E7425744F480037E8CF /* PBXTargetDependency */ = {
			isa = PBXTargetDependency;
			target = 2AFE9E6825744F480037E8CF /* ShareExtension */;
			targetProxy = 2AFE9E7325744F480037E8CF /* PBXContainerItemProxy */;
		};
/* End PBXTargetDependency section */

/* Begin XCBuildConfiguration section */
		2A1B5FC5256A4A5E00E3283D /* Debug */ = {
			isa = XCBuildConfiguration;
			buildSettings = {
				ALWAYS_SEARCH_USER_PATHS = NO;
				CLANG_ANALYZER_NONNULL = YES;
				CLANG_ANALYZER_NUMBER_OBJECT_CONVERSION = YES_AGGRESSIVE;
				CLANG_CXX_LANGUAGE_STANDARD = "gnu++14";
				CLANG_CXX_LIBRARY = "libc++";
				CLANG_ENABLE_MODULES = YES;
				CLANG_ENABLE_OBJC_ARC = YES;
				CLANG_ENABLE_OBJC_WEAK = YES;
				CLANG_WARN_BLOCK_CAPTURE_AUTORELEASING = YES;
				CLANG_WARN_BOOL_CONVERSION = YES;
				CLANG_WARN_COMMA = YES;
				CLANG_WARN_CONSTANT_CONVERSION = YES;
				CLANG_WARN_DEPRECATED_OBJC_IMPLEMENTATIONS = YES;
				CLANG_WARN_DIRECT_OBJC_ISA_USAGE = YES_ERROR;
				CLANG_WARN_DOCUMENTATION_COMMENTS = YES;
				CLANG_WARN_EMPTY_BODY = YES;
				CLANG_WARN_ENUM_CONVERSION = YES;
				CLANG_WARN_INFINITE_RECURSION = YES;
				CLANG_WARN_INT_CONVERSION = YES;
				CLANG_WARN_NON_LITERAL_NULL_CONVERSION = YES;
				CLANG_WARN_OBJC_IMPLICIT_RETAIN_SELF = YES;
				CLANG_WARN_OBJC_LITERAL_CONVERSION = YES;
				CLANG_WARN_OBJC_ROOT_CLASS = YES_ERROR;
				CLANG_WARN_QUOTED_INCLUDE_IN_FRAMEWORK_HEADER = YES;
				CLANG_WARN_RANGE_LOOP_ANALYSIS = YES;
				CLANG_WARN_STRICT_PROTOTYPES = YES;
				CLANG_WARN_SUSPICIOUS_MOVE = YES;
				CLANG_WARN_UNGUARDED_AVAILABILITY = YES_AGGRESSIVE;
				CLANG_WARN_UNREACHABLE_CODE = YES;
				CLANG_WARN__DUPLICATE_METHOD_MATCH = YES;
				COPY_PHASE_STRIP = NO;
				DEBUG_INFORMATION_FORMAT = dwarf;
				ENABLE_STRICT_OBJC_MSGSEND = YES;
				ENABLE_TESTABILITY = YES;
				GCC_C_LANGUAGE_STANDARD = gnu11;
				GCC_DYNAMIC_NO_PIC = NO;
				GCC_NO_COMMON_BLOCKS = YES;
				GCC_OPTIMIZATION_LEVEL = 0;
				GCC_PREPROCESSOR_DEFINITIONS = (
					"DEBUG=1",
					"$(inherited)",
				);
				GCC_WARN_64_TO_32_BIT_CONVERSION = YES;
				GCC_WARN_ABOUT_RETURN_TYPE = YES_ERROR;
				GCC_WARN_UNDECLARED_SELECTOR = YES;
				GCC_WARN_UNINITIALIZED_AUTOS = YES_AGGRESSIVE;
				GCC_WARN_UNUSED_FUNCTION = YES;
				GCC_WARN_UNUSED_VARIABLE = YES;
				IPHONEOS_DEPLOYMENT_TARGET = 14.2;
				MTL_ENABLE_DEBUG_INFO = INCLUDE_SOURCE;
				MTL_FAST_MATH = YES;
				ONLY_ACTIVE_ARCH = YES;
				SDKROOT = iphoneos;
				SWIFT_ACTIVE_COMPILATION_CONDITIONS = DEBUG;
				SWIFT_OPTIMIZATION_LEVEL = "-Onone";
			};
			name = Debug;
		};
		2A1B5FC6256A4A5E00E3283D /* Release */ = {
			isa = XCBuildConfiguration;
			buildSettings = {
				ALWAYS_SEARCH_USER_PATHS = NO;
				CLANG_ANALYZER_NONNULL = YES;
				CLANG_ANALYZER_NUMBER_OBJECT_CONVERSION = YES_AGGRESSIVE;
				CLANG_CXX_LANGUAGE_STANDARD = "gnu++14";
				CLANG_CXX_LIBRARY = "libc++";
				CLANG_ENABLE_MODULES = YES;
				CLANG_ENABLE_OBJC_ARC = YES;
				CLANG_ENABLE_OBJC_WEAK = YES;
				CLANG_WARN_BLOCK_CAPTURE_AUTORELEASING = YES;
				CLANG_WARN_BOOL_CONVERSION = YES;
				CLANG_WARN_COMMA = YES;
				CLANG_WARN_CONSTANT_CONVERSION = YES;
				CLANG_WARN_DEPRECATED_OBJC_IMPLEMENTATIONS = YES;
				CLANG_WARN_DIRECT_OBJC_ISA_USAGE = YES_ERROR;
				CLANG_WARN_DOCUMENTATION_COMMENTS = YES;
				CLANG_WARN_EMPTY_BODY = YES;
				CLANG_WARN_ENUM_CONVERSION = YES;
				CLANG_WARN_INFINITE_RECURSION = YES;
				CLANG_WARN_INT_CONVERSION = YES;
				CLANG_WARN_NON_LITERAL_NULL_CONVERSION = YES;
				CLANG_WARN_OBJC_IMPLICIT_RETAIN_SELF = YES;
				CLANG_WARN_OBJC_LITERAL_CONVERSION = YES;
				CLANG_WARN_OBJC_ROOT_CLASS = YES_ERROR;
				CLANG_WARN_QUOTED_INCLUDE_IN_FRAMEWORK_HEADER = YES;
				CLANG_WARN_RANGE_LOOP_ANALYSIS = YES;
				CLANG_WARN_STRICT_PROTOTYPES = YES;
				CLANG_WARN_SUSPICIOUS_MOVE = YES;
				CLANG_WARN_UNGUARDED_AVAILABILITY = YES_AGGRESSIVE;
				CLANG_WARN_UNREACHABLE_CODE = YES;
				CLANG_WARN__DUPLICATE_METHOD_MATCH = YES;
				COPY_PHASE_STRIP = NO;
				DEBUG_INFORMATION_FORMAT = "dwarf-with-dsym";
				ENABLE_NS_ASSERTIONS = NO;
				ENABLE_STRICT_OBJC_MSGSEND = YES;
				GCC_C_LANGUAGE_STANDARD = gnu11;
				GCC_NO_COMMON_BLOCKS = YES;
				GCC_WARN_64_TO_32_BIT_CONVERSION = YES;
				GCC_WARN_ABOUT_RETURN_TYPE = YES_ERROR;
				GCC_WARN_UNDECLARED_SELECTOR = YES;
				GCC_WARN_UNINITIALIZED_AUTOS = YES_AGGRESSIVE;
				GCC_WARN_UNUSED_FUNCTION = YES;
				GCC_WARN_UNUSED_VARIABLE = YES;
				IPHONEOS_DEPLOYMENT_TARGET = 14.2;
				MTL_ENABLE_DEBUG_INFO = NO;
				MTL_FAST_MATH = YES;
				SDKROOT = iphoneos;
				SWIFT_COMPILATION_MODE = wholemodule;
				SWIFT_OPTIMIZATION_LEVEL = "-O";
				VALIDATE_PRODUCT = YES;
			};
			name = Release;
		};
		2A1B5FC8256A4A5E00E3283D /* Debug */ = {
			isa = XCBuildConfiguration;
			buildSettings = {
				ALWAYS_EMBED_SWIFT_STANDARD_LIBRARIES = YES;
				ASSETCATALOG_COMPILER_APPICON_NAME = AppIcon;
				ASSETCATALOG_COMPILER_GLOBAL_ACCENT_COLOR_NAME = AccentColor;
				CODE_SIGN_ENTITLEMENTS = "Meme-Ory/Meme-Ory.entitlements";
				CODE_SIGN_STYLE = Automatic;
				CURRENT_PROJECT_VERSION = 79;
				DEVELOPMENT_ASSET_PATHS = "\"Meme-Ory/Preview Content\"";
				DEVELOPMENT_TEAM = VRVJ9YNRQU;
				ENABLE_PREVIEWS = YES;
				INFOPLIST_FILE = "Meme-Ory/Info.plist";
				IPHONEOS_DEPLOYMENT_TARGET = 14.1;
				LD_RUNPATH_SEARCH_PATHS = (
					"$(inherited)",
					"@executable_path/Frameworks",
				);
				MACOSX_DEPLOYMENT_TARGET = 11.1;
				MARKETING_VERSION = 0.4;
				PRODUCT_BUNDLE_IDENTIFIER = "com.photoigor.Meme-Ory";
				PRODUCT_NAME = "$(TARGET_NAME)";
				SWIFT_VERSION = 5.0;
				TARGETED_DEVICE_FAMILY = "1,2";
				TVOS_DEPLOYMENT_TARGET = 14.3;
				WATCHOS_DEPLOYMENT_TARGET = 7.2;
			};
			name = Debug;
		};
		2A1B5FC9256A4A5E00E3283D /* Release */ = {
			isa = XCBuildConfiguration;
			buildSettings = {
				ALWAYS_EMBED_SWIFT_STANDARD_LIBRARIES = YES;
				ASSETCATALOG_COMPILER_APPICON_NAME = AppIcon;
				ASSETCATALOG_COMPILER_GLOBAL_ACCENT_COLOR_NAME = AccentColor;
				CODE_SIGN_ENTITLEMENTS = "Meme-Ory/Meme-Ory.entitlements";
				CODE_SIGN_STYLE = Automatic;
				CURRENT_PROJECT_VERSION = 79;
				DEVELOPMENT_ASSET_PATHS = "\"Meme-Ory/Preview Content\"";
				DEVELOPMENT_TEAM = VRVJ9YNRQU;
				ENABLE_PREVIEWS = YES;
				INFOPLIST_FILE = "Meme-Ory/Info.plist";
				IPHONEOS_DEPLOYMENT_TARGET = 14.1;
				LD_RUNPATH_SEARCH_PATHS = (
					"$(inherited)",
					"@executable_path/Frameworks",
				);
				MACOSX_DEPLOYMENT_TARGET = 11.1;
				MARKETING_VERSION = 0.4;
				PRODUCT_BUNDLE_IDENTIFIER = "com.photoigor.Meme-Ory";
				PRODUCT_NAME = "$(TARGET_NAME)";
				SWIFT_VERSION = 5.0;
				TARGETED_DEVICE_FAMILY = "1,2";
				TVOS_DEPLOYMENT_TARGET = 14.3;
				WATCHOS_DEPLOYMENT_TARGET = 7.2;
			};
			name = Release;
		};
		2A8AFCE82580FCAE00A0DD94 /* Debug */ = {
			isa = XCBuildConfiguration;
			buildSettings = {
				CODE_SIGN_STYLE = Automatic;
				CURRENT_PROJECT_VERSION = 79;
				DEVELOPMENT_TEAM = VRVJ9YNRQU;
				INFOPLIST_FILE = "Meme-OryUITests/Info.plist";
				IPHONEOS_DEPLOYMENT_TARGET = 14.1;
				LD_RUNPATH_SEARCH_PATHS = (
					"$(inherited)",
					"@executable_path/Frameworks",
					"@loader_path/Frameworks",
				);
				MACOSX_DEPLOYMENT_TARGET = 11.1;
				MARKETING_VERSION = 0.4;
				PRODUCT_BUNDLE_IDENTIFIER = "com.photoigor.Meme-OryUITests";
				PRODUCT_NAME = "$(TARGET_NAME)";
				SWIFT_VERSION = 5.0;
				TARGETED_DEVICE_FAMILY = "1,2";
				TEST_TARGET_NAME = "Meme-Ory";
				TVOS_DEPLOYMENT_TARGET = 14.3;
			};
			name = Debug;
		};
		2A8AFCE92580FCAE00A0DD94 /* Release */ = {
			isa = XCBuildConfiguration;
			buildSettings = {
				CODE_SIGN_STYLE = Automatic;
				CURRENT_PROJECT_VERSION = 79;
				DEVELOPMENT_TEAM = VRVJ9YNRQU;
				INFOPLIST_FILE = "Meme-OryUITests/Info.plist";
				IPHONEOS_DEPLOYMENT_TARGET = 14.1;
				LD_RUNPATH_SEARCH_PATHS = (
					"$(inherited)",
					"@executable_path/Frameworks",
					"@loader_path/Frameworks",
				);
				MACOSX_DEPLOYMENT_TARGET = 11.1;
				MARKETING_VERSION = 0.4;
				PRODUCT_BUNDLE_IDENTIFIER = "com.photoigor.Meme-OryUITests";
				PRODUCT_NAME = "$(TARGET_NAME)";
				SWIFT_VERSION = 5.0;
				TARGETED_DEVICE_FAMILY = "1,2";
				TEST_TARGET_NAME = "Meme-Ory";
				TVOS_DEPLOYMENT_TARGET = 14.3;
			};
			name = Release;
		};
		2ADAD3C0256DA23B00AF463B /* Debug */ = {
			isa = XCBuildConfiguration;
			buildSettings = {
				ASSETCATALOG_COMPILER_GLOBAL_ACCENT_COLOR_NAME = AccentColor;
				ASSETCATALOG_COMPILER_WIDGET_BACKGROUND_COLOR_NAME = WidgetBackground;
				CODE_SIGN_ENTITLEMENTS = "Meme-OryWidgetExtension.entitlements";
				CODE_SIGN_STYLE = Automatic;
				CURRENT_PROJECT_VERSION = 79;
				DEVELOPMENT_TEAM = VRVJ9YNRQU;
				INFOPLIST_FILE = "Meme-OryWidget/Info.plist";
				IPHONEOS_DEPLOYMENT_TARGET = 14.1;
				LD_RUNPATH_SEARCH_PATHS = (
					"$(inherited)",
					"@executable_path/Frameworks",
					"@executable_path/../../Frameworks",
				);
				MACOSX_DEPLOYMENT_TARGET = 11.1;
				MARKETING_VERSION = 0.4;
				PRODUCT_BUNDLE_IDENTIFIER = "com.photoigor.Meme-Ory.Meme-OryWidget";
				PRODUCT_NAME = "$(TARGET_NAME)";
				SKIP_INSTALL = YES;
				SWIFT_VERSION = 5.0;
				TARGETED_DEVICE_FAMILY = "1,2";
				TVOS_DEPLOYMENT_TARGET = 14.3;
				WATCHOS_DEPLOYMENT_TARGET = 7.2;
			};
			name = Debug;
		};
		2ADAD3C1256DA23B00AF463B /* Release */ = {
			isa = XCBuildConfiguration;
			buildSettings = {
				ASSETCATALOG_COMPILER_GLOBAL_ACCENT_COLOR_NAME = AccentColor;
				ASSETCATALOG_COMPILER_WIDGET_BACKGROUND_COLOR_NAME = WidgetBackground;
				CODE_SIGN_ENTITLEMENTS = "Meme-OryWidgetExtension.entitlements";
				CODE_SIGN_STYLE = Automatic;
				CURRENT_PROJECT_VERSION = 79;
				DEVELOPMENT_TEAM = VRVJ9YNRQU;
				INFOPLIST_FILE = "Meme-OryWidget/Info.plist";
				IPHONEOS_DEPLOYMENT_TARGET = 14.1;
				LD_RUNPATH_SEARCH_PATHS = (
					"$(inherited)",
					"@executable_path/Frameworks",
					"@executable_path/../../Frameworks",
				);
				MACOSX_DEPLOYMENT_TARGET = 11.1;
				MARKETING_VERSION = 0.4;
				PRODUCT_BUNDLE_IDENTIFIER = "com.photoigor.Meme-Ory.Meme-OryWidget";
				PRODUCT_NAME = "$(TARGET_NAME)";
				SKIP_INSTALL = YES;
				SWIFT_VERSION = 5.0;
				TARGETED_DEVICE_FAMILY = "1,2";
				TVOS_DEPLOYMENT_TARGET = 14.3;
				WATCHOS_DEPLOYMENT_TARGET = 7.2;
			};
			name = Release;
		};
		2AFE9E7725744F480037E8CF /* Debug */ = {
			isa = XCBuildConfiguration;
			buildSettings = {
				ASSETCATALOG_COMPILER_APPICON_NAME = "AppIconExtension-iOS";
				CODE_SIGN_ENTITLEMENTS = ShareExtension/ShareExtension.entitlements;
				CODE_SIGN_IDENTITY = "Apple Development";
				CODE_SIGN_STYLE = Automatic;
				CURRENT_PROJECT_VERSION = 79;
				DEVELOPMENT_TEAM = VRVJ9YNRQU;
				INFOPLIST_FILE = ShareExtension/Info.plist;
				IPHONEOS_DEPLOYMENT_TARGET = 14.1;
				LD_RUNPATH_SEARCH_PATHS = (
					"$(inherited)",
					"@executable_path/Frameworks",
					"@executable_path/../../Frameworks",
				);
				MACOSX_DEPLOYMENT_TARGET = 11.1;
				MARKETING_VERSION = 0.4;
				PRODUCT_BUNDLE_IDENTIFIER = "com.photoigor.Meme-Ory.ShareExtension";
				PRODUCT_NAME = "$(TARGET_NAME)";
				PROVISIONING_PROFILE_SPECIFIER = "";
				SKIP_INSTALL = YES;
				SWIFT_VERSION = 5.0;
				TARGETED_DEVICE_FAMILY = "1,2";
				TVOS_DEPLOYMENT_TARGET = 14.3;
				WATCHOS_DEPLOYMENT_TARGET = 7.2;
			};
			name = Debug;
		};
		2AFE9E7825744F480037E8CF /* Release */ = {
			isa = XCBuildConfiguration;
			buildSettings = {
				ASSETCATALOG_COMPILER_APPICON_NAME = "AppIconExtension-iOS";
				CODE_SIGN_ENTITLEMENTS = ShareExtension/ShareExtension.entitlements;
				CODE_SIGN_IDENTITY = "Apple Development";
				CODE_SIGN_STYLE = Automatic;
				CURRENT_PROJECT_VERSION = 79;
				DEVELOPMENT_TEAM = VRVJ9YNRQU;
				INFOPLIST_FILE = ShareExtension/Info.plist;
				IPHONEOS_DEPLOYMENT_TARGET = 14.1;
				LD_RUNPATH_SEARCH_PATHS = (
					"$(inherited)",
					"@executable_path/Frameworks",
					"@executable_path/../../Frameworks",
				);
				MACOSX_DEPLOYMENT_TARGET = 11.1;
				MARKETING_VERSION = 0.4;
				PRODUCT_BUNDLE_IDENTIFIER = "com.photoigor.Meme-Ory.ShareExtension";
				PRODUCT_NAME = "$(TARGET_NAME)";
				PROVISIONING_PROFILE_SPECIFIER = "";
				SKIP_INSTALL = YES;
				SWIFT_VERSION = 5.0;
				TARGETED_DEVICE_FAMILY = "1,2";
				TVOS_DEPLOYMENT_TARGET = 14.3;
				WATCHOS_DEPLOYMENT_TARGET = 7.2;
			};
			name = Release;
		};
/* End XCBuildConfiguration section */

/* Begin XCConfigurationList section */
		2A1B5FAE256A4A5D00E3283D /* Build configuration list for PBXProject "Meme-Ory" */ = {
			isa = XCConfigurationList;
			buildConfigurations = (
				2A1B5FC5256A4A5E00E3283D /* Debug */,
				2A1B5FC6256A4A5E00E3283D /* Release */,
			);
			defaultConfigurationIsVisible = 0;
			defaultConfigurationName = Release;
		};
		2A1B5FC7256A4A5E00E3283D /* Build configuration list for PBXNativeTarget "Meme-Ory" */ = {
			isa = XCConfigurationList;
			buildConfigurations = (
				2A1B5FC8256A4A5E00E3283D /* Debug */,
				2A1B5FC9256A4A5E00E3283D /* Release */,
			);
			defaultConfigurationIsVisible = 0;
			defaultConfigurationName = Release;
		};
		2A8AFCE72580FCAE00A0DD94 /* Build configuration list for PBXNativeTarget "Meme-OryUITests" */ = {
			isa = XCConfigurationList;
			buildConfigurations = (
				2A8AFCE82580FCAE00A0DD94 /* Debug */,
				2A8AFCE92580FCAE00A0DD94 /* Release */,
			);
			defaultConfigurationIsVisible = 0;
			defaultConfigurationName = Release;
		};
		2ADAD3BF256DA23B00AF463B /* Build configuration list for PBXNativeTarget "Meme-OryWidgetExtension" */ = {
			isa = XCConfigurationList;
			buildConfigurations = (
				2ADAD3C0256DA23B00AF463B /* Debug */,
				2ADAD3C1256DA23B00AF463B /* Release */,
			);
			defaultConfigurationIsVisible = 0;
			defaultConfigurationName = Release;
		};
		2AFE9E7625744F480037E8CF /* Build configuration list for PBXNativeTarget "ShareExtension" */ = {
			isa = XCConfigurationList;
			buildConfigurations = (
				2AFE9E7725744F480037E8CF /* Debug */,
				2AFE9E7825744F480037E8CF /* Release */,
			);
			defaultConfigurationIsVisible = 0;
			defaultConfigurationName = Release;
		};
/* End XCConfigurationList section */

/* Begin XCVersionGroup section */
		2A1B5FCB256A4AE100E3283D /* Meme_Ory.xcdatamodeld */ = {
			isa = XCVersionGroup;
			children = (
				2A1B5FCC256A4AE100E3283D /* Meme_Ory.xcdatamodel */,
			);
			currentVersion = 2A1B5FCC256A4AE100E3283D /* Meme_Ory.xcdatamodel */;
			path = Meme_Ory.xcdatamodeld;
			sourceTree = "<group>";
			versionGroupType = wrapper.xcdatamodel;
		};
/* End XCVersionGroup section */
	};
	rootObject = 2A1B5FAB256A4A5D00E3283D /* Project object */;
}
